// !$*UTF8*$!
{
	archiveVersion = 1;
	classes = {
	};
	objectVersion = 56;
	objects = {

/* Begin PBXBuildFile section */
		3712B2B82911CC1C00159089 /* UIImageViewExtension.swift in Sources */ = {isa = PBXBuildFile; fileRef = 3712B2B72911CC1C00159089 /* UIImageViewExtension.swift */; };
		37957D292914906800AC01BB /* UIViewExtension.swift in Sources */ = {isa = PBXBuildFile; fileRef = 37957D282914906800AC01BB /* UIViewExtension.swift */; };
		37B9267A2912E49400F479A7 /* Technique.swift in Sources */ = {isa = PBXBuildFile; fileRef = 37B926792912E49400F479A7 /* Technique.swift */; };
		37B9267C2912E4C800F479A7 /* TechniqueDetail.swift in Sources */ = {isa = PBXBuildFile; fileRef = 37B9267B2912E4C800F479A7 /* TechniqueDetail.swift */; };
		37B9267F29130F0C00F479A7 /* TemtemDetailViewController.swift in Sources */ = {isa = PBXBuildFile; fileRef = 37B9267E29130F0C00F479A7 /* TemtemDetailViewController.swift */; };
		37B926812913107100F479A7 /* TemtemDetailViewModel.swift in Sources */ = {isa = PBXBuildFile; fileRef = 37B926802913107100F479A7 /* TemtemDetailViewModel.swift */; };
		37B92684291321BB00F479A7 /* TemtemTypes.swift in Sources */ = {isa = PBXBuildFile; fileRef = 37B92683291321BB00F479A7 /* TemtemTypes.swift */; };
		37C2D35A291051AA00E783AD /* AppDelegate.swift in Sources */ = {isa = PBXBuildFile; fileRef = 37C2D359291051AA00E783AD /* AppDelegate.swift */; };
		37C2D361291051AA00E783AD /* Main.storyboard in Resources */ = {isa = PBXBuildFile; fileRef = 37C2D35F291051AA00E783AD /* Main.storyboard */; };
		37C2D364291051AA00E783AD /* temtem.xcdatamodeld in Sources */ = {isa = PBXBuildFile; fileRef = 37C2D362291051AA00E783AD /* temtem.xcdatamodeld */; };
		37C2D366291051AD00E783AD /* Assets.xcassets in Resources */ = {isa = PBXBuildFile; fileRef = 37C2D365291051AD00E783AD /* Assets.xcassets */; };
		37C2D369291051AD00E783AD /* LaunchScreen.storyboard in Resources */ = {isa = PBXBuildFile; fileRef = 37C2D367291051AD00E783AD /* LaunchScreen.storyboard */; };
		37C2D37E291051AD00E783AD /* temtemUITests.swift in Sources */ = {isa = PBXBuildFile; fileRef = 37C2D37D291051AD00E783AD /* temtemUITests.swift */; };
		37C2D380291051AD00E783AD /* temtemUITestsLaunchTests.swift in Sources */ = {isa = PBXBuildFile; fileRef = 37C2D37F291051AD00E783AD /* temtemUITestsLaunchTests.swift */; };
		37C2D3922910545300E783AD /* TemtemListViewController.swift in Sources */ = {isa = PBXBuildFile; fileRef = 37C2D3912910545300E783AD /* TemtemListViewController.swift */; };
		37C2D3972910550F00E783AD /* TemtemCell.swift in Sources */ = {isa = PBXBuildFile; fileRef = 37C2D3962910550F00E783AD /* TemtemCell.swift */; };
		37C2D3992910554500E783AD /* TemtemListViewModel.swift in Sources */ = {isa = PBXBuildFile; fileRef = 37C2D3982910554500E783AD /* TemtemListViewModel.swift */; };
		37C2D39C291056F800E783AD /* TemtemService.swift in Sources */ = {isa = PBXBuildFile; fileRef = 37C2D39B291056F800E783AD /* TemtemService.swift */; };
		37C2D39E2910571000E783AD /* TemtemServiceImplementation.swift in Sources */ = {isa = PBXBuildFile; fileRef = 37C2D39D2910571000E783AD /* TemtemServiceImplementation.swift */; };
		37C2D3A1291068C400E783AD /* Temtem.swift in Sources */ = {isa = PBXBuildFile; fileRef = 37C2D3A0291068C400E783AD /* Temtem.swift */; };
		37C2D3A529106BC900E783AD /* TemtemViewModel.swift in Sources */ = {isa = PBXBuildFile; fileRef = 37C2D3A429106BC900E783AD /* TemtemViewModel.swift */; };
		37C2D3AB2910819700E783AD /* UITextFieldExtension.swift in Sources */ = {isa = PBXBuildFile; fileRef = 37C2D3AA2910819700E783AD /* UITextFieldExtension.swift */; };
		8E5ED887292D760500F180E7 /* BaseViewController.swift in Sources */ = {isa = PBXBuildFile; fileRef = 8E5ED886292D760500F180E7 /* BaseViewController.swift */; };
		8E5ED88A292E976100F180E7 /* TypeElementStackView.swift in Sources */ = {isa = PBXBuildFile; fileRef = 8E5ED889292E976100F180E7 /* TypeElementStackView.swift */; };
		8E5ED88D292EA2B900F180E7 /* TemtemListFactory.swift in Sources */ = {isa = PBXBuildFile; fileRef = 8E5ED88C292EA2B900F180E7 /* TemtemListFactory.swift */; };
		8E66B70829316EF800A6616F /* TemtemDetailFactory.swift in Sources */ = {isa = PBXBuildFile; fileRef = 8E66B70729316EF800A6616F /* TemtemDetailFactory.swift */; };
		8EE5C04D292EE570001DB1BF /* CustomNavigationController.swift in Sources */ = {isa = PBXBuildFile; fileRef = 8EE5C04C292EE570001DB1BF /* CustomNavigationController.swift */; };
		8EE9979129219974003377CC /* TemtemListViewControllerTest.swift in Sources */ = {isa = PBXBuildFile; fileRef = 8EE9979029219974003377CC /* TemtemListViewControllerTest.swift */; };
		8EE997932922BAF0003377CC /* TemtemListView.swift in Sources */ = {isa = PBXBuildFile; fileRef = 8EE997922922BAF0003377CC /* TemtemListView.swift */; };
		8EE997962922CDA7003377CC /* HomeViewController.swift in Sources */ = {isa = PBXBuildFile; fileRef = 8EE997952922CDA7003377CC /* HomeViewController.swift */; };
		8EE997992922D826003377CC /* ErrorLabel.swift in Sources */ = {isa = PBXBuildFile; fileRef = 8EE997982922D826003377CC /* ErrorLabel.swift */; };
		8EE9979E2922DC71003377CC /* APIService.swift in Sources */ = {isa = PBXBuildFile; fileRef = 8EE9979D2922DC71003377CC /* APIService.swift */; };
		8EE997A22922E4C5003377CC /* UIColorExtension.swift in Sources */ = {isa = PBXBuildFile; fileRef = 8EE997A12922E4C5003377CC /* UIColorExtension.swift */; };
		8EE997A62922ECB6003377CC /* MockTemtemService.swift in Sources */ = {isa = PBXBuildFile; fileRef = 8EE997A52922ECB6003377CC /* MockTemtemService.swift */; };
		8EE997A92922FB8A003377CC /* StringExtentions.swift in Sources */ = {isa = PBXBuildFile; fileRef = 8EE997A82922FB8A003377CC /* StringExtentions.swift */; };
		8EE997AB29242F1C003377CC /* TemtemDetailView.swift in Sources */ = {isa = PBXBuildFile; fileRef = 8EE997AA29242F1C003377CC /* TemtemDetailView.swift */; };
		8EE997B12924494C003377CC /* TemtemCellTest.swift in Sources */ = {isa = PBXBuildFile; fileRef = 8EE997B02924494C003377CC /* TemtemCellTest.swift */; };
		8EE997B429245215003377CC /* UITableViewDequeue.swift in Sources */ = {isa = PBXBuildFile; fileRef = 8EE997B329245215003377CC /* UITableViewDequeue.swift */; };
		8EE997B6292456D8003377CC /* DispatchQueueExtension.swift in Sources */ = {isa = PBXBuildFile; fileRef = 8EE997B5292456D8003377CC /* DispatchQueueExtension.swift */; };
/* End PBXBuildFile section */

/* Begin PBXContainerItemProxy section */
		37C2D370291051AD00E783AD /* PBXContainerItemProxy */ = {
			isa = PBXContainerItemProxy;
			containerPortal = 37C2D34E291051AA00E783AD /* Project object */;
			proxyType = 1;
			remoteGlobalIDString = 37C2D355291051AA00E783AD;
			remoteInfo = temtem;
		};
		37C2D37A291051AD00E783AD /* PBXContainerItemProxy */ = {
			isa = PBXContainerItemProxy;
			containerPortal = 37C2D34E291051AA00E783AD /* Project object */;
			proxyType = 1;
			remoteGlobalIDString = 37C2D355291051AA00E783AD;
			remoteInfo = temtem;
		};
/* End PBXContainerItemProxy section */

/* Begin PBXFileReference section */
		3712B2B72911CC1C00159089 /* UIImageViewExtension.swift */ = {isa = PBXFileReference; lastKnownFileType = sourcecode.swift; path = UIImageViewExtension.swift; sourceTree = "<group>"; };
		37957D282914906800AC01BB /* UIViewExtension.swift */ = {isa = PBXFileReference; lastKnownFileType = sourcecode.swift; path = UIViewExtension.swift; sourceTree = "<group>"; };
		37B926792912E49400F479A7 /* Technique.swift */ = {isa = PBXFileReference; lastKnownFileType = sourcecode.swift; path = Technique.swift; sourceTree = "<group>"; };
		37B9267B2912E4C800F479A7 /* TechniqueDetail.swift */ = {isa = PBXFileReference; lastKnownFileType = sourcecode.swift; path = TechniqueDetail.swift; sourceTree = "<group>"; };
		37B9267E29130F0C00F479A7 /* TemtemDetailViewController.swift */ = {isa = PBXFileReference; lastKnownFileType = sourcecode.swift; path = TemtemDetailViewController.swift; sourceTree = "<group>"; };
		37B926802913107100F479A7 /* TemtemDetailViewModel.swift */ = {isa = PBXFileReference; lastKnownFileType = sourcecode.swift; path = TemtemDetailViewModel.swift; sourceTree = "<group>"; };
		37B92683291321BB00F479A7 /* TemtemTypes.swift */ = {isa = PBXFileReference; lastKnownFileType = sourcecode.swift; path = TemtemTypes.swift; sourceTree = "<group>"; };
		37C2D356291051AA00E783AD /* temtem.app */ = {isa = PBXFileReference; explicitFileType = wrapper.application; includeInIndex = 0; path = temtem.app; sourceTree = BUILT_PRODUCTS_DIR; };
		37C2D359291051AA00E783AD /* AppDelegate.swift */ = {isa = PBXFileReference; lastKnownFileType = sourcecode.swift; path = AppDelegate.swift; sourceTree = "<group>"; };
		37C2D360291051AA00E783AD /* Base */ = {isa = PBXFileReference; lastKnownFileType = file.storyboard; name = Base; path = Base.lproj/Main.storyboard; sourceTree = "<group>"; };
		37C2D363291051AA00E783AD /* temtem.xcdatamodel */ = {isa = PBXFileReference; lastKnownFileType = wrapper.xcdatamodel; path = temtem.xcdatamodel; sourceTree = "<group>"; };
		37C2D365291051AD00E783AD /* Assets.xcassets */ = {isa = PBXFileReference; lastKnownFileType = folder.assetcatalog; path = Assets.xcassets; sourceTree = "<group>"; };
		37C2D368291051AD00E783AD /* Base */ = {isa = PBXFileReference; lastKnownFileType = file.storyboard; name = Base; path = Base.lproj/LaunchScreen.storyboard; sourceTree = "<group>"; };
		37C2D36A291051AD00E783AD /* Info.plist */ = {isa = PBXFileReference; lastKnownFileType = text.plist.xml; path = Info.plist; sourceTree = "<group>"; };
		37C2D36F291051AD00E783AD /* temtemTests.xctest */ = {isa = PBXFileReference; explicitFileType = wrapper.cfbundle; includeInIndex = 0; path = temtemTests.xctest; sourceTree = BUILT_PRODUCTS_DIR; };
		37C2D379291051AD00E783AD /* temtemUITests.xctest */ = {isa = PBXFileReference; explicitFileType = wrapper.cfbundle; includeInIndex = 0; path = temtemUITests.xctest; sourceTree = BUILT_PRODUCTS_DIR; };
		37C2D37D291051AD00E783AD /* temtemUITests.swift */ = {isa = PBXFileReference; lastKnownFileType = sourcecode.swift; path = temtemUITests.swift; sourceTree = "<group>"; };
		37C2D37F291051AD00E783AD /* temtemUITestsLaunchTests.swift */ = {isa = PBXFileReference; lastKnownFileType = sourcecode.swift; path = temtemUITestsLaunchTests.swift; sourceTree = "<group>"; };
		37C2D3912910545300E783AD /* TemtemListViewController.swift */ = {isa = PBXFileReference; lastKnownFileType = sourcecode.swift; path = TemtemListViewController.swift; sourceTree = "<group>"; };
		37C2D3962910550F00E783AD /* TemtemCell.swift */ = {isa = PBXFileReference; lastKnownFileType = sourcecode.swift; path = TemtemCell.swift; sourceTree = "<group>"; };
		37C2D3982910554500E783AD /* TemtemListViewModel.swift */ = {isa = PBXFileReference; lastKnownFileType = sourcecode.swift; path = TemtemListViewModel.swift; sourceTree = "<group>"; };
		37C2D39B291056F800E783AD /* TemtemService.swift */ = {isa = PBXFileReference; lastKnownFileType = sourcecode.swift; path = TemtemService.swift; sourceTree = "<group>"; };
		37C2D39D2910571000E783AD /* TemtemServiceImplementation.swift */ = {isa = PBXFileReference; lastKnownFileType = sourcecode.swift; path = TemtemServiceImplementation.swift; sourceTree = "<group>"; };
		37C2D3A0291068C400E783AD /* Temtem.swift */ = {isa = PBXFileReference; lastKnownFileType = sourcecode.swift; path = Temtem.swift; sourceTree = "<group>"; };
		37C2D3A429106BC900E783AD /* TemtemViewModel.swift */ = {isa = PBXFileReference; lastKnownFileType = sourcecode.swift; path = TemtemViewModel.swift; sourceTree = "<group>"; };
		37C2D3AA2910819700E783AD /* UITextFieldExtension.swift */ = {isa = PBXFileReference; lastKnownFileType = sourcecode.swift; path = UITextFieldExtension.swift; sourceTree = "<group>"; };
		8E5ED886292D760500F180E7 /* BaseViewController.swift */ = {isa = PBXFileReference; lastKnownFileType = sourcecode.swift; path = BaseViewController.swift; sourceTree = "<group>"; };
		8E5ED889292E976100F180E7 /* TypeElementStackView.swift */ = {isa = PBXFileReference; lastKnownFileType = sourcecode.swift; path = TypeElementStackView.swift; sourceTree = "<group>"; };
		8E5ED88C292EA2B900F180E7 /* TemtemListFactory.swift */ = {isa = PBXFileReference; lastKnownFileType = sourcecode.swift; path = TemtemListFactory.swift; sourceTree = "<group>"; };
		8E66B70729316EF800A6616F /* TemtemDetailFactory.swift */ = {isa = PBXFileReference; lastKnownFileType = sourcecode.swift; path = TemtemDetailFactory.swift; sourceTree = "<group>"; };
		8EE5C04C292EE570001DB1BF /* CustomNavigationController.swift */ = {isa = PBXFileReference; lastKnownFileType = sourcecode.swift; path = CustomNavigationController.swift; sourceTree = "<group>"; };
		8EE9979029219974003377CC /* TemtemListViewControllerTest.swift */ = {isa = PBXFileReference; lastKnownFileType = sourcecode.swift; path = TemtemListViewControllerTest.swift; sourceTree = "<group>"; };
		8EE997922922BAF0003377CC /* TemtemListView.swift */ = {isa = PBXFileReference; lastKnownFileType = sourcecode.swift; path = TemtemListView.swift; sourceTree = "<group>"; };
		8EE997952922CDA7003377CC /* HomeViewController.swift */ = {isa = PBXFileReference; fileEncoding = 4; lastKnownFileType = sourcecode.swift; path = HomeViewController.swift; sourceTree = "<group>"; };
		8EE997982922D826003377CC /* ErrorLabel.swift */ = {isa = PBXFileReference; lastKnownFileType = sourcecode.swift; path = ErrorLabel.swift; sourceTree = "<group>"; };
		8EE9979D2922DC71003377CC /* APIService.swift */ = {isa = PBXFileReference; lastKnownFileType = sourcecode.swift; path = APIService.swift; sourceTree = "<group>"; };
		8EE997A12922E4C5003377CC /* UIColorExtension.swift */ = {isa = PBXFileReference; lastKnownFileType = sourcecode.swift; path = UIColorExtension.swift; sourceTree = "<group>"; };
		8EE997A52922ECB6003377CC /* MockTemtemService.swift */ = {isa = PBXFileReference; lastKnownFileType = sourcecode.swift; path = MockTemtemService.swift; sourceTree = "<group>"; };
		8EE997A72922F9D2003377CC /* Config.xcconfig */ = {isa = PBXFileReference; lastKnownFileType = text.xcconfig; path = Config.xcconfig; sourceTree = "<group>"; };
		8EE997A82922FB8A003377CC /* StringExtentions.swift */ = {isa = PBXFileReference; lastKnownFileType = sourcecode.swift; path = StringExtentions.swift; sourceTree = "<group>"; };
		8EE997AA29242F1C003377CC /* TemtemDetailView.swift */ = {isa = PBXFileReference; lastKnownFileType = sourcecode.swift; path = TemtemDetailView.swift; sourceTree = "<group>"; };
		8EE997B02924494C003377CC /* TemtemCellTest.swift */ = {isa = PBXFileReference; lastKnownFileType = sourcecode.swift; path = TemtemCellTest.swift; sourceTree = "<group>"; };
		8EE997B329245215003377CC /* UITableViewDequeue.swift */ = {isa = PBXFileReference; lastKnownFileType = sourcecode.swift; path = UITableViewDequeue.swift; sourceTree = "<group>"; };
		8EE997B5292456D8003377CC /* DispatchQueueExtension.swift */ = {isa = PBXFileReference; lastKnownFileType = sourcecode.swift; path = DispatchQueueExtension.swift; sourceTree = "<group>"; };
/* End PBXFileReference section */

/* Begin PBXFrameworksBuildPhase section */
		37C2D353291051AA00E783AD /* Frameworks */ = {
			isa = PBXFrameworksBuildPhase;
			buildActionMask = 2147483647;
			files = (
			);
			runOnlyForDeploymentPostprocessing = 0;
		};
		37C2D36C291051AD00E783AD /* Frameworks */ = {
			isa = PBXFrameworksBuildPhase;
			buildActionMask = 2147483647;
			files = (
			);
			runOnlyForDeploymentPostprocessing = 0;
		};
		37C2D376291051AD00E783AD /* Frameworks */ = {
			isa = PBXFrameworksBuildPhase;
			buildActionMask = 2147483647;
			files = (
			);
			runOnlyForDeploymentPostprocessing = 0;
		};
/* End PBXFrameworksBuildPhase section */

/* Begin PBXGroup section */
		37B926782912E03E00F479A7 /* Repository */ = {
			isa = PBXGroup;
			children = (
			);
			path = Repository;
			sourceTree = "<group>";
		};
		37B9267D29130EE800F479A7 /* TemtemDetailViewController */ = {
			isa = PBXGroup;
			children = (
				37B9267E29130F0C00F479A7 /* TemtemDetailViewController.swift */,
				37B926802913107100F479A7 /* TemtemDetailViewModel.swift */,
				8EE997AA29242F1C003377CC /* TemtemDetailView.swift */,
			);
			path = TemtemDetailViewController;
			sourceTree = "<group>";
		};
		37B9268229131ECB00F479A7 /* Enum */ = {
			isa = PBXGroup;
			children = (
				37B92683291321BB00F479A7 /* TemtemTypes.swift */,
			);
			path = Enum;
			sourceTree = "<group>";
		};
		37C2D34D291051AA00E783AD = {
			isa = PBXGroup;
			children = (
				8EE997A72922F9D2003377CC /* Config.xcconfig */,
				37C2D358291051AA00E783AD /* temtem */,
				37C2D372291051AD00E783AD /* temtemTests */,
				37C2D37C291051AD00E783AD /* temtemUITests */,
				37C2D357291051AA00E783AD /* Products */,
			);
			sourceTree = "<group>";
		};
		37C2D357291051AA00E783AD /* Products */ = {
			isa = PBXGroup;
			children = (
				37C2D356291051AA00E783AD /* temtem.app */,
				37C2D36F291051AD00E783AD /* temtemTests.xctest */,
				37C2D379291051AD00E783AD /* temtemUITests.xctest */,
			);
			name = Products;
			sourceTree = "<group>";
		};
		37C2D358291051AA00E783AD /* temtem */ = {
			isa = PBXGroup;
			children = (
				8E5ED88B292EA29F00F180E7 /* Factory */,
				37B926782912E03E00F479A7 /* Repository */,
				37C2D3A92910818C00E783AD /* Common */,
				37C2D3A62910757200E783AD /* Utils */,
				37C2D39F2910571900E783AD /* Model */,
				37C2D39A291056DB00E783AD /* Service */,
				37C2D393291054CA00E783AD /* View */,
				37C2D38C2910537200E783AD /* Modules */,
				37C2D359291051AA00E783AD /* AppDelegate.swift */,
				37C2D35F291051AA00E783AD /* Main.storyboard */,
				37C2D365291051AD00E783AD /* Assets.xcassets */,
				37C2D367291051AD00E783AD /* LaunchScreen.storyboard */,
				37C2D36A291051AD00E783AD /* Info.plist */,
				37C2D362291051AA00E783AD /* temtem.xcdatamodeld */,
			);
			path = temtem;
			sourceTree = "<group>";
		};
		37C2D372291051AD00E783AD /* temtemTests */ = {
			isa = PBXGroup;
			children = (
				8EE997AE29244914003377CC /* Views */,
				8EE997A42922ECA8003377CC /* Mock */,
				8EE997A32922EC98003377CC /* ViewControllers */,
			);
			path = temtemTests;
			sourceTree = "<group>";
		};
		37C2D37C291051AD00E783AD /* temtemUITests */ = {
			isa = PBXGroup;
			children = (
				37C2D37D291051AD00E783AD /* temtemUITests.swift */,
				37C2D37F291051AD00E783AD /* temtemUITestsLaunchTests.swift */,
			);
			path = temtemUITests;
			sourceTree = "<group>";
		};
		37C2D38C2910537200E783AD /* Modules */ = {
			isa = PBXGroup;
			children = (
				8EE5C04B292EE54B001DB1BF /* CustomNavigationController */,
				8E5ED885292C374C00F180E7 /* BaseViewController */,
				37B9267D29130EE800F479A7 /* TemtemDetailViewController */,
				37C2D3902910542B00E783AD /* TemtemListViewController */,
				37C2D38D2910537B00E783AD /* HomeViewController */,
			);
			path = Modules;
			sourceTree = "<group>";
		};
		37C2D38D2910537B00E783AD /* HomeViewController */ = {
			isa = PBXGroup;
			children = (
				8EE997952922CDA7003377CC /* HomeViewController.swift */,
			);
			path = HomeViewController;
			sourceTree = "<group>";
		};
		37C2D3902910542B00E783AD /* TemtemListViewController */ = {
			isa = PBXGroup;
			children = (
				37C2D3912910545300E783AD /* TemtemListViewController.swift */,
				37C2D3982910554500E783AD /* TemtemListViewModel.swift */,
				8EE997922922BAF0003377CC /* TemtemListView.swift */,
			);
			path = TemtemListViewController;
			sourceTree = "<group>";
		};
		37C2D393291054CA00E783AD /* View */ = {
			isa = PBXGroup;
			children = (
				8E5ED888292D8FB600F180E7 /* Stack */,
				8EE997972922D819003377CC /* Label */,
				37C2D394291054CF00E783AD /* Cell */,
			);
			path = View;
			sourceTree = "<group>";
		};
		37C2D394291054CF00E783AD /* Cell */ = {
			isa = PBXGroup;
			children = (
				37C2D395291054D500E783AD /* TemtemCell */,
			);
			path = Cell;
			sourceTree = "<group>";
		};
		37C2D395291054D500E783AD /* TemtemCell */ = {
			isa = PBXGroup;
			children = (
				37C2D3962910550F00E783AD /* TemtemCell.swift */,
			);
			path = TemtemCell;
			sourceTree = "<group>";
		};
		37C2D39A291056DB00E783AD /* Service */ = {
			isa = PBXGroup;
			children = (
				8EE9979C2922DC4E003377CC /* TemtemService */,
				8EE9979D2922DC71003377CC /* APIService.swift */,
			);
			path = Service;
			sourceTree = "<group>";
		};
		37C2D39F2910571900E783AD /* Model */ = {
			isa = PBXGroup;
			children = (
				37B9268229131ECB00F479A7 /* Enum */,
				37C2D3A329106BB300E783AD /* ViewModel */,
				37C2D3A229106BA700E783AD /* DTO */,
			);
			path = Model;
			sourceTree = "<group>";
		};
		37C2D3A229106BA700E783AD /* DTO */ = {
			isa = PBXGroup;
			children = (
				37C2D3A0291068C400E783AD /* Temtem.swift */,
				37B926792912E49400F479A7 /* Technique.swift */,
				37B9267B2912E4C800F479A7 /* TechniqueDetail.swift */,
			);
			path = DTO;
			sourceTree = "<group>";
		};
		37C2D3A329106BB300E783AD /* ViewModel */ = {
			isa = PBXGroup;
			children = (
				37C2D3A429106BC900E783AD /* TemtemViewModel.swift */,
			);
			path = ViewModel;
			sourceTree = "<group>";
		};
		37C2D3A62910757200E783AD /* Utils */ = {
			isa = PBXGroup;
			children = (
			);
			path = Utils;
			sourceTree = "<group>";
		};
		37C2D3A92910818C00E783AD /* Common */ = {
			isa = PBXGroup;
			children = (
				8EE997942922CC39003377CC /* Extensions */,
			);
			path = Common;
			sourceTree = "<group>";
		};
		8E5ED885292C374C00F180E7 /* BaseViewController */ = {
			isa = PBXGroup;
			children = (
				8E5ED886292D760500F180E7 /* BaseViewController.swift */,
			);
			path = BaseViewController;
			sourceTree = "<group>";
		};
		8E5ED888292D8FB600F180E7 /* Stack */ = {
			isa = PBXGroup;
			children = (
				8E5ED889292E976100F180E7 /* TypeElementStackView.swift */,
			);
			path = Stack;
			sourceTree = "<group>";
		};
		8E5ED88B292EA29F00F180E7 /* Factory */ = {
			isa = PBXGroup;
			children = (
				8E5ED88C292EA2B900F180E7 /* TemtemListFactory.swift */,
				8E66B70729316EF800A6616F /* TemtemDetailFactory.swift */,
			);
			path = Factory;
			sourceTree = "<group>";
		};
		8EE5C04B292EE54B001DB1BF /* CustomNavigationController */ = {
			isa = PBXGroup;
			children = (
				8EE5C04C292EE570001DB1BF /* CustomNavigationController.swift */,
			);
			path = CustomNavigationController;
			sourceTree = "<group>";
		};
		8EE997942922CC39003377CC /* Extensions */ = {
			isa = PBXGroup;
			children = (
				37C2D3AA2910819700E783AD /* UITextFieldExtension.swift */,
				3712B2B72911CC1C00159089 /* UIImageViewExtension.swift */,
				37957D282914906800AC01BB /* UIViewExtension.swift */,
				8EE997B329245215003377CC /* UITableViewDequeue.swift */,
				8EE997A12922E4C5003377CC /* UIColorExtension.swift */,
				8EE997A82922FB8A003377CC /* StringExtentions.swift */,
				8EE997B5292456D8003377CC /* DispatchQueueExtension.swift */,
			);
			path = Extensions;
			sourceTree = "<group>";
		};
		8EE997972922D819003377CC /* Label */ = {
			isa = PBXGroup;
			children = (
				8EE997982922D826003377CC /* ErrorLabel.swift */,
			);
			path = Label;
			sourceTree = "<group>";
		};
		8EE9979C2922DC4E003377CC /* TemtemService */ = {
			isa = PBXGroup;
			children = (
				37C2D39B291056F800E783AD /* TemtemService.swift */,
				37C2D39D2910571000E783AD /* TemtemServiceImplementation.swift */,
			);
			path = TemtemService;
			sourceTree = "<group>";
		};
		8EE997A32922EC98003377CC /* ViewControllers */ = {
			isa = PBXGroup;
			children = (
				8EE9979029219974003377CC /* TemtemListViewControllerTest.swift */,
			);
			path = ViewControllers;
			sourceTree = "<group>";
		};
		8EE997A42922ECA8003377CC /* Mock */ = {
			isa = PBXGroup;
			children = (
				8EE997A52922ECB6003377CC /* MockTemtemService.swift */,
			);
			path = Mock;
			sourceTree = "<group>";
		};
		8EE997AE29244914003377CC /* Views */ = {
			isa = PBXGroup;
			children = (
				8EE997AF2924491B003377CC /* Cells */,
			);
			path = Views;
			sourceTree = "<group>";
		};
		8EE997AF2924491B003377CC /* Cells */ = {
			isa = PBXGroup;
			children = (
				8EE997B02924494C003377CC /* TemtemCellTest.swift */,
			);
			path = Cells;
			sourceTree = "<group>";
		};
/* End PBXGroup section */

/* Begin PBXNativeTarget section */
		37C2D355291051AA00E783AD /* temtem */ = {
			isa = PBXNativeTarget;
			buildConfigurationList = 37C2D383291051AD00E783AD /* Build configuration list for PBXNativeTarget "temtem" */;
			buildPhases = (
				37C2D352291051AA00E783AD /* Sources */,
				37C2D353291051AA00E783AD /* Frameworks */,
				37C2D354291051AA00E783AD /* Resources */,
			);
			buildRules = (
			);
			dependencies = (
			);
			name = temtem;
			productName = temtem;
			productReference = 37C2D356291051AA00E783AD /* temtem.app */;
			productType = "com.apple.product-type.application";
		};
		37C2D36E291051AD00E783AD /* temtemTests */ = {
			isa = PBXNativeTarget;
			buildConfigurationList = 37C2D386291051AD00E783AD /* Build configuration list for PBXNativeTarget "temtemTests" */;
			buildPhases = (
				37C2D36B291051AD00E783AD /* Sources */,
				37C2D36C291051AD00E783AD /* Frameworks */,
				37C2D36D291051AD00E783AD /* Resources */,
			);
			buildRules = (
			);
			dependencies = (
				37C2D371291051AD00E783AD /* PBXTargetDependency */,
			);
			name = temtemTests;
			productName = temtemTests;
			productReference = 37C2D36F291051AD00E783AD /* temtemTests.xctest */;
			productType = "com.apple.product-type.bundle.unit-test";
		};
		37C2D378291051AD00E783AD /* temtemUITests */ = {
			isa = PBXNativeTarget;
			buildConfigurationList = 37C2D389291051AD00E783AD /* Build configuration list for PBXNativeTarget "temtemUITests" */;
			buildPhases = (
				37C2D375291051AD00E783AD /* Sources */,
				37C2D376291051AD00E783AD /* Frameworks */,
				37C2D377291051AD00E783AD /* Resources */,
			);
			buildRules = (
			);
			dependencies = (
				37C2D37B291051AD00E783AD /* PBXTargetDependency */,
			);
			name = temtemUITests;
			productName = temtemUITests;
			productReference = 37C2D379291051AD00E783AD /* temtemUITests.xctest */;
			productType = "com.apple.product-type.bundle.ui-testing";
		};
/* End PBXNativeTarget section */

/* Begin PBXProject section */
		37C2D34E291051AA00E783AD /* Project object */ = {
			isa = PBXProject;
			attributes = {
				BuildIndependentTargetsInParallel = 1;
				LastSwiftUpdateCheck = 1400;
				LastUpgradeCheck = 1400;
				TargetAttributes = {
					37C2D355291051AA00E783AD = {
						CreatedOnToolsVersion = 14.0.1;
					};
					37C2D36E291051AD00E783AD = {
						CreatedOnToolsVersion = 14.0.1;
						TestTargetID = 37C2D355291051AA00E783AD;
					};
					37C2D378291051AD00E783AD = {
						CreatedOnToolsVersion = 14.0.1;
						TestTargetID = 37C2D355291051AA00E783AD;
					};
				};
			};
			buildConfigurationList = 37C2D351291051AA00E783AD /* Build configuration list for PBXProject "temtem" */;
			compatibilityVersion = "Xcode 14.0";
			developmentRegion = en;
			hasScannedForEncodings = 0;
			knownRegions = (
				en,
				Base,
			);
			mainGroup = 37C2D34D291051AA00E783AD;
			productRefGroup = 37C2D357291051AA00E783AD /* Products */;
			projectDirPath = "";
			projectRoot = "";
			targets = (
				37C2D355291051AA00E783AD /* temtem */,
				37C2D36E291051AD00E783AD /* temtemTests */,
				37C2D378291051AD00E783AD /* temtemUITests */,
			);
		};
/* End PBXProject section */

/* Begin PBXResourcesBuildPhase section */
		37C2D354291051AA00E783AD /* Resources */ = {
			isa = PBXResourcesBuildPhase;
			buildActionMask = 2147483647;
			files = (
				37C2D369291051AD00E783AD /* LaunchScreen.storyboard in Resources */,
				37C2D366291051AD00E783AD /* Assets.xcassets in Resources */,
				37C2D361291051AA00E783AD /* Main.storyboard in Resources */,
			);
			runOnlyForDeploymentPostprocessing = 0;
		};
		37C2D36D291051AD00E783AD /* Resources */ = {
			isa = PBXResourcesBuildPhase;
			buildActionMask = 2147483647;
			files = (
			);
			runOnlyForDeploymentPostprocessing = 0;
		};
		37C2D377291051AD00E783AD /* Resources */ = {
			isa = PBXResourcesBuildPhase;
			buildActionMask = 2147483647;
			files = (
			);
			runOnlyForDeploymentPostprocessing = 0;
		};
/* End PBXResourcesBuildPhase section */

/* Begin PBXSourcesBuildPhase section */
		37C2D352291051AA00E783AD /* Sources */ = {
			isa = PBXSourcesBuildPhase;
			buildActionMask = 2147483647;
			files = (
				37B92684291321BB00F479A7 /* TemtemTypes.swift in Sources */,
				8EE997A92922FB8A003377CC /* StringExtentions.swift in Sources */,
				8EE997992922D826003377CC /* ErrorLabel.swift in Sources */,
				8EE997AB29242F1C003377CC /* TemtemDetailView.swift in Sources */,
				37957D292914906800AC01BB /* UIViewExtension.swift in Sources */,
				8E5ED887292D760500F180E7 /* BaseViewController.swift in Sources */,
				8EE5C04D292EE570001DB1BF /* CustomNavigationController.swift in Sources */,
				37B9267A2912E49400F479A7 /* Technique.swift in Sources */,
				37C2D35A291051AA00E783AD /* AppDelegate.swift in Sources */,
				8EE997962922CDA7003377CC /* HomeViewController.swift in Sources */,
				37C2D3922910545300E783AD /* TemtemListViewController.swift in Sources */,
				37C2D39C291056F800E783AD /* TemtemService.swift in Sources */,
				37B926812913107100F479A7 /* TemtemDetailViewModel.swift in Sources */,
				37C2D3972910550F00E783AD /* TemtemCell.swift in Sources */,
				8EE997A22922E4C5003377CC /* UIColorExtension.swift in Sources */,
				37C2D3AB2910819700E783AD /* UITextFieldExtension.swift in Sources */,
				8EE997B429245215003377CC /* UITableViewDequeue.swift in Sources */,
				37C2D3A529106BC900E783AD /* TemtemViewModel.swift in Sources */,
				8E5ED88D292EA2B900F180E7 /* TemtemListFactory.swift in Sources */,
				37C2D364291051AA00E783AD /* temtem.xcdatamodeld in Sources */,
				8E66B70829316EF800A6616F /* TemtemDetailFactory.swift in Sources */,
				8EE997B6292456D8003377CC /* DispatchQueueExtension.swift in Sources */,
				37B9267C2912E4C800F479A7 /* TechniqueDetail.swift in Sources */,
				37C2D3992910554500E783AD /* TemtemListViewModel.swift in Sources */,
				8EE997932922BAF0003377CC /* TemtemListView.swift in Sources */,
				37C2D3A1291068C400E783AD /* Temtem.swift in Sources */,
				8EE9979E2922DC71003377CC /* APIService.swift in Sources */,
				37C2D39E2910571000E783AD /* TemtemServiceImplementation.swift in Sources */,
				3712B2B82911CC1C00159089 /* UIImageViewExtension.swift in Sources */,
				37B9267F29130F0C00F479A7 /* TemtemDetailViewController.swift in Sources */,
				8E5ED88A292E976100F180E7 /* TypeElementStackView.swift in Sources */,
			);
			runOnlyForDeploymentPostprocessing = 0;
		};
		37C2D36B291051AD00E783AD /* Sources */ = {
			isa = PBXSourcesBuildPhase;
			buildActionMask = 2147483647;
			files = (
				8EE9979129219974003377CC /* TemtemListViewControllerTest.swift in Sources */,
				8EE997A62922ECB6003377CC /* MockTemtemService.swift in Sources */,
				8EE997B12924494C003377CC /* TemtemCellTest.swift in Sources */,
			);
			runOnlyForDeploymentPostprocessing = 0;
		};
		37C2D375291051AD00E783AD /* Sources */ = {
			isa = PBXSourcesBuildPhase;
			buildActionMask = 2147483647;
			files = (
				37C2D380291051AD00E783AD /* temtemUITestsLaunchTests.swift in Sources */,
				37C2D37E291051AD00E783AD /* temtemUITests.swift in Sources */,
			);
			runOnlyForDeploymentPostprocessing = 0;
		};
/* End PBXSourcesBuildPhase section */

/* Begin PBXTargetDependency section */
		37C2D371291051AD00E783AD /* PBXTargetDependency */ = {
			isa = PBXTargetDependency;
			target = 37C2D355291051AA00E783AD /* temtem */;
			targetProxy = 37C2D370291051AD00E783AD /* PBXContainerItemProxy */;
		};
		37C2D37B291051AD00E783AD /* PBXTargetDependency */ = {
			isa = PBXTargetDependency;
			target = 37C2D355291051AA00E783AD /* temtem */;
			targetProxy = 37C2D37A291051AD00E783AD /* PBXContainerItemProxy */;
		};
/* End PBXTargetDependency section */

/* Begin PBXVariantGroup section */
		37C2D35F291051AA00E783AD /* Main.storyboard */ = {
			isa = PBXVariantGroup;
			children = (
				37C2D360291051AA00E783AD /* Base */,
			);
			name = Main.storyboard;
			sourceTree = "<group>";
		};
		37C2D367291051AD00E783AD /* LaunchScreen.storyboard */ = {
			isa = PBXVariantGroup;
			children = (
				37C2D368291051AD00E783AD /* Base */,
			);
			name = LaunchScreen.storyboard;
			sourceTree = "<group>";
		};
/* End PBXVariantGroup section */

/* Begin XCBuildConfiguration section */
		37C2D381291051AD00E783AD /* Debug */ = {
			isa = XCBuildConfiguration;
			buildSettings = {
				ALWAYS_SEARCH_USER_PATHS = NO;
				CLANG_ANALYZER_NONNULL = YES;
				CLANG_ANALYZER_NUMBER_OBJECT_CONVERSION = YES_AGGRESSIVE;
				CLANG_CXX_LANGUAGE_STANDARD = "gnu++20";
				CLANG_ENABLE_MODULES = YES;
				CLANG_ENABLE_OBJC_ARC = YES;
				CLANG_ENABLE_OBJC_WEAK = YES;
				CLANG_WARN_BLOCK_CAPTURE_AUTORELEASING = YES;
				CLANG_WARN_BOOL_CONVERSION = YES;
				CLANG_WARN_COMMA = YES;
				CLANG_WARN_CONSTANT_CONVERSION = YES;
				CLANG_WARN_DEPRECATED_OBJC_IMPLEMENTATIONS = YES;
				CLANG_WARN_DIRECT_OBJC_ISA_USAGE = YES_ERROR;
				CLANG_WARN_DOCUMENTATION_COMMENTS = YES;
				CLANG_WARN_EMPTY_BODY = YES;
				CLANG_WARN_ENUM_CONVERSION = YES;
				CLANG_WARN_INFINITE_RECURSION = YES;
				CLANG_WARN_INT_CONVERSION = YES;
				CLANG_WARN_NON_LITERAL_NULL_CONVERSION = YES;
				CLANG_WARN_OBJC_IMPLICIT_RETAIN_SELF = YES;
				CLANG_WARN_OBJC_LITERAL_CONVERSION = YES;
				CLANG_WARN_OBJC_ROOT_CLASS = YES_ERROR;
				CLANG_WARN_QUOTED_INCLUDE_IN_FRAMEWORK_HEADER = YES;
				CLANG_WARN_RANGE_LOOP_ANALYSIS = YES;
				CLANG_WARN_STRICT_PROTOTYPES = YES;
				CLANG_WARN_SUSPICIOUS_MOVE = YES;
				CLANG_WARN_UNGUARDED_AVAILABILITY = YES_AGGRESSIVE;
				CLANG_WARN_UNREACHABLE_CODE = YES;
				CLANG_WARN__DUPLICATE_METHOD_MATCH = YES;
				COPY_PHASE_STRIP = NO;
				DEBUG_INFORMATION_FORMAT = dwarf;
				ENABLE_STRICT_OBJC_MSGSEND = YES;
				ENABLE_TESTABILITY = YES;
				GCC_C_LANGUAGE_STANDARD = gnu11;
				GCC_DYNAMIC_NO_PIC = NO;
				GCC_NO_COMMON_BLOCKS = YES;
				GCC_OPTIMIZATION_LEVEL = 0;
				GCC_PREPROCESSOR_DEFINITIONS = (
					"DEBUG=1",
					"$(inherited)",
				);
				GCC_WARN_64_TO_32_BIT_CONVERSION = YES;
				GCC_WARN_ABOUT_RETURN_TYPE = YES_ERROR;
				GCC_WARN_UNDECLARED_SELECTOR = YES;
				GCC_WARN_UNINITIALIZED_AUTOS = YES_AGGRESSIVE;
				GCC_WARN_UNUSED_FUNCTION = YES;
				GCC_WARN_UNUSED_VARIABLE = YES;
				IPHONEOS_DEPLOYMENT_TARGET = 16.0;
				MTL_ENABLE_DEBUG_INFO = INCLUDE_SOURCE;
				MTL_FAST_MATH = YES;
				ONLY_ACTIVE_ARCH = YES;
				SDKROOT = iphoneos;
				SWIFT_ACTIVE_COMPILATION_CONDITIONS = DEBUG;
				SWIFT_OPTIMIZATION_LEVEL = "-Onone";
			};
			name = Debug;
		};
		37C2D382291051AD00E783AD /* Release */ = {
			isa = XCBuildConfiguration;
			buildSettings = {
				ALWAYS_SEARCH_USER_PATHS = NO;
				CLANG_ANALYZER_NONNULL = YES;
				CLANG_ANALYZER_NUMBER_OBJECT_CONVERSION = YES_AGGRESSIVE;
				CLANG_CXX_LANGUAGE_STANDARD = "gnu++20";
				CLANG_ENABLE_MODULES = YES;
				CLANG_ENABLE_OBJC_ARC = YES;
				CLANG_ENABLE_OBJC_WEAK = YES;
				CLANG_WARN_BLOCK_CAPTURE_AUTORELEASING = YES;
				CLANG_WARN_BOOL_CONVERSION = YES;
				CLANG_WARN_COMMA = YES;
				CLANG_WARN_CONSTANT_CONVERSION = YES;
				CLANG_WARN_DEPRECATED_OBJC_IMPLEMENTATIONS = YES;
				CLANG_WARN_DIRECT_OBJC_ISA_USAGE = YES_ERROR;
				CLANG_WARN_DOCUMENTATION_COMMENTS = YES;
				CLANG_WARN_EMPTY_BODY = YES;
				CLANG_WARN_ENUM_CONVERSION = YES;
				CLANG_WARN_INFINITE_RECURSION = YES;
				CLANG_WARN_INT_CONVERSION = YES;
				CLANG_WARN_NON_LITERAL_NULL_CONVERSION = YES;
				CLANG_WARN_OBJC_IMPLICIT_RETAIN_SELF = YES;
				CLANG_WARN_OBJC_LITERAL_CONVERSION = YES;
				CLANG_WARN_OBJC_ROOT_CLASS = YES_ERROR;
				CLANG_WARN_QUOTED_INCLUDE_IN_FRAMEWORK_HEADER = YES;
				CLANG_WARN_RANGE_LOOP_ANALYSIS = YES;
				CLANG_WARN_STRICT_PROTOTYPES = YES;
				CLANG_WARN_SUSPICIOUS_MOVE = YES;
				CLANG_WARN_UNGUARDED_AVAILABILITY = YES_AGGRESSIVE;
				CLANG_WARN_UNREACHABLE_CODE = YES;
				CLANG_WARN__DUPLICATE_METHOD_MATCH = YES;
				COPY_PHASE_STRIP = NO;
				DEBUG_INFORMATION_FORMAT = "dwarf-with-dsym";
				ENABLE_NS_ASSERTIONS = NO;
				ENABLE_STRICT_OBJC_MSGSEND = YES;
				GCC_C_LANGUAGE_STANDARD = gnu11;
				GCC_NO_COMMON_BLOCKS = YES;
				GCC_WARN_64_TO_32_BIT_CONVERSION = YES;
				GCC_WARN_ABOUT_RETURN_TYPE = YES_ERROR;
				GCC_WARN_UNDECLARED_SELECTOR = YES;
				GCC_WARN_UNINITIALIZED_AUTOS = YES_AGGRESSIVE;
				GCC_WARN_UNUSED_FUNCTION = YES;
				GCC_WARN_UNUSED_VARIABLE = YES;
				IPHONEOS_DEPLOYMENT_TARGET = 16.0;
				MTL_ENABLE_DEBUG_INFO = NO;
				MTL_FAST_MATH = YES;
				SDKROOT = iphoneos;
				SWIFT_COMPILATION_MODE = wholemodule;
				SWIFT_OPTIMIZATION_LEVEL = "-O";
				VALIDATE_PRODUCT = YES;
			};
			name = Release;
		};
		37C2D384291051AD00E783AD /* Debug */ = {
			isa = XCBuildConfiguration;
			baseConfigurationReference = 8EE997A72922F9D2003377CC /* Config.xcconfig */;
			buildSettings = {
				ASSETCATALOG_COMPILER_APPICON_NAME = AppIcon;
				ASSETCATALOG_COMPILER_GLOBAL_ACCENT_COLOR_NAME = AccentColor;
				CODE_SIGN_STYLE = Automatic;
				CURRENT_PROJECT_VERSION = 1;
				GENERATE_INFOPLIST_FILE = YES;
				INFOPLIST_FILE = temtem/Info.plist;
				INFOPLIST_KEY_UIApplicationSupportsIndirectInputEvents = YES;
				INFOPLIST_KEY_UILaunchStoryboardName = LaunchScreen;
				INFOPLIST_KEY_UISupportedInterfaceOrientations_iPad = "UIInterfaceOrientationPortrait UIInterfaceOrientationPortraitUpsideDown UIInterfaceOrientationLandscapeLeft UIInterfaceOrientationLandscapeRight";
				INFOPLIST_KEY_UISupportedInterfaceOrientations_iPhone = "UIInterfaceOrientationPortrait UIInterfaceOrientationLandscapeLeft UIInterfaceOrientationLandscapeRight";
				IPHONEOS_DEPLOYMENT_TARGET = 13.0;
				LD_RUNPATH_SEARCH_PATHS = (
					"$(inherited)",
					"@executable_path/Frameworks",
				);
				MARKETING_VERSION = 1.0;
				PRODUCT_BUNDLE_IDENTIFIER = com.test.temtem;
				PRODUCT_NAME = "$(TARGET_NAME)";
				SWIFT_EMIT_LOC_STRINGS = YES;
				SWIFT_VERSION = 5.0;
				TARGETED_DEVICE_FAMILY = "1,2";
			};
			name = Debug;
		};
		37C2D385291051AD00E783AD /* Release */ = {
			isa = XCBuildConfiguration;
			baseConfigurationReference = 8EE997A72922F9D2003377CC /* Config.xcconfig */;
			buildSettings = {
				ASSETCATALOG_COMPILER_APPICON_NAME = AppIcon;
				ASSETCATALOG_COMPILER_GLOBAL_ACCENT_COLOR_NAME = AccentColor;
				CODE_SIGN_STYLE = Automatic;
				CURRENT_PROJECT_VERSION = 1;
				GENERATE_INFOPLIST_FILE = YES;
				INFOPLIST_FILE = temtem/Info.plist;
				INFOPLIST_KEY_UIApplicationSupportsIndirectInputEvents = YES;
				INFOPLIST_KEY_UILaunchStoryboardName = LaunchScreen;
				INFOPLIST_KEY_UISupportedInterfaceOrientations_iPad = "UIInterfaceOrientationPortrait UIInterfaceOrientationPortraitUpsideDown UIInterfaceOrientationLandscapeLeft UIInterfaceOrientationLandscapeRight";
				INFOPLIST_KEY_UISupportedInterfaceOrientations_iPhone = "UIInterfaceOrientationPortrait UIInterfaceOrientationLandscapeLeft UIInterfaceOrientationLandscapeRight";
				IPHONEOS_DEPLOYMENT_TARGET = 13.0;
				LD_RUNPATH_SEARCH_PATHS = (
					"$(inherited)",
					"@executable_path/Frameworks",
				);
				MARKETING_VERSION = 1.0;
				PRODUCT_BUNDLE_IDENTIFIER = com.test.temtem;
				PRODUCT_NAME = "$(TARGET_NAME)";
				SWIFT_EMIT_LOC_STRINGS = YES;
				SWIFT_VERSION = 5.0;
				TARGETED_DEVICE_FAMILY = "1,2";
			};
			name = Release;
		};
		37C2D387291051AD00E783AD /* Debug */ = {
			isa = XCBuildConfiguration;
			buildSettings = {
				ALWAYS_EMBED_SWIFT_STANDARD_LIBRARIES = YES;
				BUNDLE_LOADER = "$(TEST_HOST)";
				CODE_SIGN_STYLE = Automatic;
				CURRENT_PROJECT_VERSION = 1;
				GENERATE_INFOPLIST_FILE = YES;
				IPHONEOS_DEPLOYMENT_TARGET = 16.0;
				MARKETING_VERSION = 1.0;
				PRODUCT_BUNDLE_IDENTIFIER = com.test.temtemTests;
				PRODUCT_NAME = "$(TARGET_NAME)";
				SWIFT_EMIT_LOC_STRINGS = NO;
				SWIFT_VERSION = 5.0;
				TARGETED_DEVICE_FAMILY = "1,2";
				TEST_HOST = "$(BUILT_PRODUCTS_DIR)/temtem.app/$(BUNDLE_EXECUTABLE_FOLDER_PATH)/temtem";
			};
			name = Debug;
		};
		37C2D388291051AD00E783AD /* Release */ = {
			isa = XCBuildConfiguration;
			buildSettings = {
				ALWAYS_EMBED_SWIFT_STANDARD_LIBRARIES = YES;
				BUNDLE_LOADER = "$(TEST_HOST)";
				CODE_SIGN_STYLE = Automatic;
				CURRENT_PROJECT_VERSION = 1;
				GENERATE_INFOPLIST_FILE = YES;
				IPHONEOS_DEPLOYMENT_TARGET = 16.0;
				MARKETING_VERSION = 1.0;
				PRODUCT_BUNDLE_IDENTIFIER = com.test.temtemTests;
				PRODUCT_NAME = "$(TARGET_NAME)";
				SWIFT_EMIT_LOC_STRINGS = NO;
				SWIFT_VERSION = 5.0;
				TARGETED_DEVICE_FAMILY = "1,2";
				TEST_HOST = "$(BUILT_PRODUCTS_DIR)/temtem.app/$(BUNDLE_EXECUTABLE_FOLDER_PATH)/temtem";
			};
			name = Release;
		};
		37C2D38A291051AD00E783AD /* Debug */ = {
			isa = XCBuildConfiguration;
			buildSettings = {
				ALWAYS_EMBED_SWIFT_STANDARD_LIBRARIES = YES;
				CODE_SIGN_STYLE = Automatic;
				CURRENT_PROJECT_VERSION = 1;
				GENERATE_INFOPLIST_FILE = YES;
				MARKETING_VERSION = 1.0;
				PRODUCT_BUNDLE_IDENTIFIER = com.test.temtemUITests;
				PRODUCT_NAME = "$(TARGET_NAME)";
				SWIFT_EMIT_LOC_STRINGS = NO;
				SWIFT_VERSION = 5.0;
				TARGETED_DEVICE_FAMILY = "1,2";
				TEST_TARGET_NAME = temtem;
			};
			name = Debug;
		};
		37C2D38B291051AD00E783AD /* Release */ = {
			isa = XCBuildConfiguration;
			buildSettings = {
				ALWAYS_EMBED_SWIFT_STANDARD_LIBRARIES = YES;
				CODE_SIGN_STYLE = Automatic;
				CURRENT_PROJECT_VERSION = 1;
				GENERATE_INFOPLIST_FILE = YES;
				MARKETING_VERSION = 1.0;
				PRODUCT_BUNDLE_IDENTIFIER = com.test.temtemUITests;
				PRODUCT_NAME = "$(TARGET_NAME)";
				SWIFT_EMIT_LOC_STRINGS = NO;
				SWIFT_VERSION = 5.0;
				TARGETED_DEVICE_FAMILY = "1,2";
				TEST_TARGET_NAME = temtem;
			};
			name = Release;
		};
/* End XCBuildConfiguration section */

/* Begin XCConfigurationList section */
		37C2D351291051AA00E783AD /* Build configuration list for PBXProject "temtem" */ = {
			isa = XCConfigurationList;
			buildConfigurations = (
				37C2D381291051AD00E783AD /* Debug */,
				37C2D382291051AD00E783AD /* Release */,
			);
			defaultConfigurationIsVisible = 0;
			defaultConfigurationName = Release;
		};
		37C2D383291051AD00E783AD /* Build configuration list for PBXNativeTarget "temtem" */ = {
			isa = XCConfigurationList;
			buildConfigurations = (
				37C2D384291051AD00E783AD /* Debug */,
				37C2D385291051AD00E783AD /* Release */,
			);
			defaultConfigurationIsVisible = 0;
			defaultConfigurationName = Release;
		};
		37C2D386291051AD00E783AD /* Build configuration list for PBXNativeTarget "temtemTests" */ = {
			isa = XCConfigurationList;
			buildConfigurations = (
				37C2D387291051AD00E783AD /* Debug */,
				37C2D388291051AD00E783AD /* Release */,
			);
			defaultConfigurationIsVisible = 0;
			defaultConfigurationName = Release;
		};
		37C2D389291051AD00E783AD /* Build configuration list for PBXNativeTarget "temtemUITests" */ = {
			isa = XCConfigurationList;
			buildConfigurations = (
				37C2D38A291051AD00E783AD /* Debug */,
				37C2D38B291051AD00E783AD /* Release */,
			);
			defaultConfigurationIsVisible = 0;
			defaultConfigurationName = Release;
		};
/* End XCConfigurationList section */

/* Begin XCVersionGroup section */
		37C2D362291051AA00E783AD /* temtem.xcdatamodeld */ = {
			isa = XCVersionGroup;
			children = (
				37C2D363291051AA00E783AD /* temtem.xcdatamodel */,
			);
			currentVersion = 37C2D363291051AA00E783AD /* temtem.xcdatamodel */;
			path = temtem.xcdatamodeld;
			sourceTree = "<group>";
			versionGroupType = wrapper.xcdatamodel;
		};
/* End XCVersionGroup section */
	};
	rootObject = 37C2D34E291051AA00E783AD /* Project object */;
}
