// !$*UTF8*$!
{
	archiveVersion = 1;
	classes = {
	};
	objectVersion = 56;
	objects = {

/* Begin PBXBuildFile section */
		3712B2B82911CC1C00159089 /* UIImageViewExtension.swift in Sources */ = {isa = PBXBuildFile; fileRef = 3712B2B72911CC1C00159089 /* UIImageViewExtension.swift */; };
		37957D292914906800AC01BB /* UIViewExtension.swift in Sources */ = {isa = PBXBuildFile; fileRef = 37957D282914906800AC01BB /* UIViewExtension.swift */; };
		37B9267F29130F0C00F479A7 /* TemtemDetailViewController.swift in Sources */ = {isa = PBXBuildFile; fileRef = 37B9267E29130F0C00F479A7 /* TemtemDetailViewController.swift */; };
		37B926812913107100F479A7 /* TemtemDetailViewModel.swift in Sources */ = {isa = PBXBuildFile; fileRef = 37B926802913107100F479A7 /* TemtemDetailViewModel.swift */; };
		37C2D35A291051AA00E783AD /* AppDelegate.swift in Sources */ = {isa = PBXBuildFile; fileRef = 37C2D359291051AA00E783AD /* AppDelegate.swift */; };
		37C2D364291051AA00E783AD /* temtem.xcdatamodeld in Sources */ = {isa = PBXBuildFile; fileRef = 37C2D362291051AA00E783AD /* temtem.xcdatamodeld */; };
		37C2D366291051AD00E783AD /* Assets.xcassets in Resources */ = {isa = PBXBuildFile; fileRef = 37C2D365291051AD00E783AD /* Assets.xcassets */; };
		37C2D369291051AD00E783AD /* LaunchScreen.storyboard in Resources */ = {isa = PBXBuildFile; fileRef = 37C2D367291051AD00E783AD /* LaunchScreen.storyboard */; };
		37C2D3922910545300E783AD /* TemtemListViewController.swift in Sources */ = {isa = PBXBuildFile; fileRef = 37C2D3912910545300E783AD /* TemtemListViewController.swift */; };
		37C2D3972910550F00E783AD /* TemtemCell.swift in Sources */ = {isa = PBXBuildFile; fileRef = 37C2D3962910550F00E783AD /* TemtemCell.swift */; };
		37C2D3992910554500E783AD /* TemtemListViewModel.swift in Sources */ = {isa = PBXBuildFile; fileRef = 37C2D3982910554500E783AD /* TemtemListViewModel.swift */; };
		37C2D3AB2910819700E783AD /* UITextFieldExtension.swift in Sources */ = {isa = PBXBuildFile; fileRef = 37C2D3AA2910819700E783AD /* UITextFieldExtension.swift */; };
		8E34B292294CE9260090922F /* BaseView.swift in Sources */ = {isa = PBXBuildFile; fileRef = 8E34B291294CE9260090922F /* BaseView.swift */; };
		8E34B2B2294D1F2D0090922F /* ImageDataService.swift in Sources */ = {isa = PBXBuildFile; fileRef = 8E34B2B1294D1F2D0090922F /* ImageDataService.swift */; };
		8E34B2B4294D1F450090922F /* ImageURLSessionDataService.swift in Sources */ = {isa = PBXBuildFile; fileRef = 8E34B2B3294D1F450090922F /* ImageURLSessionDataService.swift */; };
		8E34B2B6294DEA300090922F /* SceneDelegate.swift in Sources */ = {isa = PBXBuildFile; fileRef = 8E34B2B5294DEA300090922F /* SceneDelegate.swift */; };
		8E34B2B8294E01F50090922F /* DebuggingSceneDelegate.swift in Sources */ = {isa = PBXBuildFile; fileRef = 8E34B2B7294E01F50090922F /* DebuggingSceneDelegate.swift */; };
		8E34B2BA294E101F0090922F /* SceneDelegateTests.swift in Sources */ = {isa = PBXBuildFile; fileRef = 8E34B2B9294E101F0090922F /* SceneDelegateTests.swift */; };
		8E34B2BC294E1B9E0090922F /* TemtemListViewModelTests.swift in Sources */ = {isa = PBXBuildFile; fileRef = 8E34B2BB294E1B9E0090922F /* TemtemListViewModelTests.swift */; };
		8E34B2BE294E52B70090922F /* CombineExtentions.swift in Sources */ = {isa = PBXBuildFile; fileRef = 8E34B2BD294E52B70090922F /* CombineExtentions.swift */; };
		8E5292BC294F303200F4B53C /* XCTestCase+Snapshots.swift in Sources */ = {isa = PBXBuildFile; fileRef = 8E5292BB294F303200F4B53C /* XCTestCase+Snapshots.swift */; };
		8E5292BF294F3AC800F4B53C /* TemtemListSnapshotTests.swift in Sources */ = {isa = PBXBuildFile; fileRef = 8E5292BE294F3AC800F4B53C /* TemtemListSnapshotTests.swift */; };
		8E5292C1294F3B2A00F4B53C /* snapshots in Resources */ = {isa = PBXBuildFile; fileRef = 8E5292C0294F3B2A00F4B53C /* snapshots */; };
		8E5ED887292D760500F180E7 /* BaseViewController.swift in Sources */ = {isa = PBXBuildFile; fileRef = 8E5ED886292D760500F180E7 /* BaseViewController.swift */; };
		8E5ED88A292E976100F180E7 /* TypeElementStackView.swift in Sources */ = {isa = PBXBuildFile; fileRef = 8E5ED889292E976100F180E7 /* TypeElementStackView.swift */; };
		8E5ED88D292EA2B900F180E7 /* TemtemListFactory.swift in Sources */ = {isa = PBXBuildFile; fileRef = 8E5ED88C292EA2B900F180E7 /* TemtemListFactory.swift */; };
		8E66B70829316EF800A6616F /* TemtemDetailFactory.swift in Sources */ = {isa = PBXBuildFile; fileRef = 8E66B70729316EF800A6616F /* TemtemDetailFactory.swift */; };
		8E66B70A2931724200A6616F /* TemtemDetailViewControllerTest.swift in Sources */ = {isa = PBXBuildFile; fileRef = 8E66B7092931724200A6616F /* TemtemDetailViewControllerTest.swift */; };
		8E66B7C6293550E300A6616F /* MockTemtemViewModel.swift in Sources */ = {isa = PBXBuildFile; fileRef = 8E66B7C5293550E300A6616F /* MockTemtemViewModel.swift */; };
		8E66B7CB2935628600A6616F /* TemtemTypesTest.swift in Sources */ = {isa = PBXBuildFile; fileRef = 8E66B7CA2935628600A6616F /* TemtemTypesTest.swift */; };
		8E66B7DD293693E500A6616F /* XCTestCase+URL.swift in Sources */ = {isa = PBXBuildFile; fileRef = 8E66B7DC293693E500A6616F /* XCTestCase+URL.swift */; };
		8E66B7DF2936945400A6616F /* XCTestCase+Data.swift in Sources */ = {isa = PBXBuildFile; fileRef = 8E66B7DE2936945400A6616F /* XCTestCase+Data.swift */; };
		8E66B7E22936963900A6616F /* TemtemMapperTest.swift in Sources */ = {isa = PBXBuildFile; fileRef = 8E66B7E12936963900A6616F /* TemtemMapperTest.swift */; };
		8E66B7E429369CF700A6616F /* temtem.json in Resources */ = {isa = PBXBuildFile; fileRef = 8E66B7C32934300800A6616F /* temtem.json */; };
		8E66B7E62936C2B500A6616F /* XCTestCase+MemoryLeaks.swift in Sources */ = {isa = PBXBuildFile; fileRef = 8E66B7E52936C2B500A6616F /* XCTestCase+MemoryLeaks.swift */; };
		8ED0C3C62941FD0900FF39DC /* NSLayoutConstraintExtension.swift in Sources */ = {isa = PBXBuildFile; fileRef = 8ED0C3C52941FD0900FF39DC /* NSLayoutConstraintExtension.swift */; };
		8ED0C3E82944ABEF00FF39DC /* TemtemFeed.framework in Frameworks */ = {isa = PBXBuildFile; fileRef = 8ED0C3E02944ABEE00FF39DC /* TemtemFeed.framework */; };
		8ED0C3E92944ABEF00FF39DC /* TemtemFeed.framework in Embed Frameworks */ = {isa = PBXBuildFile; fileRef = 8ED0C3E02944ABEE00FF39DC /* TemtemFeed.framework */; settings = {ATTRIBUTES = (CodeSignOnCopy, RemoveHeadersOnCopy, ); }; };
		8ED0C3EE2944AD7700FF39DC /* ImageNSCacheService.swift in Sources */ = {isa = PBXBuildFile; fileRef = 8ED0C3D929448D0A00FF39DC /* ImageNSCacheService.swift */; };
		8ED0C3EF2944AD7F00FF39DC /* HTTPClient.swift in Sources */ = {isa = PBXBuildFile; fileRef = 8EE9979D2922DC71003377CC /* HTTPClient.swift */; };
		8ED0C3F02944AD7F00FF39DC /* URLSessionHTTPClient.swift in Sources */ = {isa = PBXBuildFile; fileRef = 8E66B7D729368AAD00A6616F /* URLSessionHTTPClient.swift */; };
		8ED0C3F12944AD8400FF39DC /* TemtemService.swift in Sources */ = {isa = PBXBuildFile; fileRef = 37C2D39B291056F800E783AD /* TemtemService.swift */; };
		8ED0C3F22944AD8400FF39DC /* TemtemServiceImplementation.swift in Sources */ = {isa = PBXBuildFile; fileRef = 37C2D39D2910571000E783AD /* TemtemServiceImplementation.swift */; };
		8ED0C3F4294507CF00FF39DC /* TechniqueDetail.swift in Sources */ = {isa = PBXBuildFile; fileRef = 37B9267B2912E4C800F479A7 /* TechniqueDetail.swift */; };
		8ED0C3F5294507D400FF39DC /* TemtemViewModel.swift in Sources */ = {isa = PBXBuildFile; fileRef = 37C2D3A429106BC900E783AD /* TemtemViewModel.swift */; };
		8ED0C3F6294507D900FF39DC /* TemtemTypes.swift in Sources */ = {isa = PBXBuildFile; fileRef = 37B92683291321BB00F479A7 /* TemtemTypes.swift */; };
		8ED0C3F82945083900FF39DC /* StringExtentions.swift in Sources */ = {isa = PBXBuildFile; fileRef = 8EE997A82922FB8A003377CC /* StringExtentions.swift */; };
		8ED0C3F92945085A00FF39DC /* TemtemMapper.swift in Sources */ = {isa = PBXBuildFile; fileRef = 8E66B7D32935760000A6616F /* TemtemMapper.swift */; };
		8ED0C3FA2945087500FF39DC /* HTTPURLResponse.swift in Sources */ = {isa = PBXBuildFile; fileRef = 8E66B7D92936903300A6616F /* HTTPURLResponse.swift */; };
		8ED0C41E2945111F00FF39DC /* URLSessionHTTPClientTest.swift in Sources */ = {isa = PBXBuildFile; fileRef = 8E66B7C72935599C00A6616F /* URLSessionHTTPClientTest.swift */; };
		8ED0C41F2945112600FF39DC /* URLProtocolStub.swift in Sources */ = {isa = PBXBuildFile; fileRef = 8ED0C3B6293E8CC700FF39DC /* URLProtocolStub.swift */; };
		8ED0C4202945116200FF39DC /* XCTestCase+URL.swift in Sources */ = {isa = PBXBuildFile; fileRef = 8E66B7DC293693E500A6616F /* XCTestCase+URL.swift */; };
		8ED0C4212945116500FF39DC /* XCTestCase+Data.swift in Sources */ = {isa = PBXBuildFile; fileRef = 8E66B7DE2936945400A6616F /* XCTestCase+Data.swift */; };
		8ED0C4222945116500FF39DC /* XCTestCase+MemoryLeaks.swift in Sources */ = {isa = PBXBuildFile; fileRef = 8E66B7E52936C2B500A6616F /* XCTestCase+MemoryLeaks.swift */; };
		8ED0C424294517CD00FF39DC /* ImageNSCacheServiceTest.swift in Sources */ = {isa = PBXBuildFile; fileRef = 8ED0C423294517CD00FF39DC /* ImageNSCacheServiceTest.swift */; };
		8ED0C42729452F2A00FF39DC /* ImageCacheView.swift in Sources */ = {isa = PBXBuildFile; fileRef = 8ED0C42629452F2A00FF39DC /* ImageCacheView.swift */; };
		8ED0C4292945317300FF39DC /* ImageCacheService.swift in Sources */ = {isa = PBXBuildFile; fileRef = 8ED0C4282945317300FF39DC /* ImageCacheService.swift */; };
		8ED0C4312945EAB500FF39DC /* TemtemList.strings in Resources */ = {isa = PBXBuildFile; fileRef = 8ED0C4332945EAB500FF39DC /* TemtemList.strings */; };
		8EE5C04D292EE570001DB1BF /* CustomNavigationController.swift in Sources */ = {isa = PBXBuildFile; fileRef = 8EE5C04C292EE570001DB1BF /* CustomNavigationController.swift */; };
		8EE9979129219974003377CC /* TemtemListViewControllerTest.swift in Sources */ = {isa = PBXBuildFile; fileRef = 8EE9979029219974003377CC /* TemtemListViewControllerTest.swift */; };
		8EE997932922BAF0003377CC /* TemtemListView.swift in Sources */ = {isa = PBXBuildFile; fileRef = 8EE997922922BAF0003377CC /* TemtemListView.swift */; };
		8EE997992922D826003377CC /* ErrorLabel.swift in Sources */ = {isa = PBXBuildFile; fileRef = 8EE997982922D826003377CC /* ErrorLabel.swift */; };
		8EE997A22922E4C5003377CC /* UIColorExtension.swift in Sources */ = {isa = PBXBuildFile; fileRef = 8EE997A12922E4C5003377CC /* UIColorExtension.swift */; };
		8EE997A62922ECB6003377CC /* MockTemtemService.swift in Sources */ = {isa = PBXBuildFile; fileRef = 8EE997A52922ECB6003377CC /* MockTemtemService.swift */; };
		8EE997AB29242F1C003377CC /* TemtemDetailView.swift in Sources */ = {isa = PBXBuildFile; fileRef = 8EE997AA29242F1C003377CC /* TemtemDetailView.swift */; };
		8EE997B12924494C003377CC /* TemtemCellTest.swift in Sources */ = {isa = PBXBuildFile; fileRef = 8EE997B02924494C003377CC /* TemtemCellTest.swift */; };
		8EE997B429245215003377CC /* UITableViewExtension.swift in Sources */ = {isa = PBXBuildFile; fileRef = 8EE997B329245215003377CC /* UITableViewExtension.swift */; };
		8EE997B6292456D8003377CC /* DispatchQueueExtension.swift in Sources */ = {isa = PBXBuildFile; fileRef = 8EE997B5292456D8003377CC /* DispatchQueueExtension.swift */; };
/* End PBXBuildFile section */

/* Begin PBXContainerItemProxy section */
		37C2D370291051AD00E783AD /* PBXContainerItemProxy */ = {
			isa = PBXContainerItemProxy;
			containerPortal = 37C2D34E291051AA00E783AD /* Project object */;
			proxyType = 1;
			remoteGlobalIDString = 37C2D355291051AA00E783AD;
			remoteInfo = temtem;
		};
		8ED0C3E62944ABEF00FF39DC /* PBXContainerItemProxy */ = {
			isa = PBXContainerItemProxy;
			containerPortal = 37C2D34E291051AA00E783AD /* Project object */;
			proxyType = 1;
			remoteGlobalIDString = 8ED0C3DF2944ABEE00FF39DC;
			remoteInfo = TemtemFeed;
		};
		8ED0C419294510E800FF39DC /* PBXContainerItemProxy */ = {
			isa = PBXContainerItemProxy;
			containerPortal = 37C2D34E291051AA00E783AD /* Project object */;
			proxyType = 1;
			remoteGlobalIDString = 37C2D355291051AA00E783AD;
			remoteInfo = temtem;
		};
/* End PBXContainerItemProxy section */

/* Begin PBXCopyFilesBuildPhase section */
		8ED0C3ED2944ABEF00FF39DC /* Embed Frameworks */ = {
			isa = PBXCopyFilesBuildPhase;
			buildActionMask = 2147483647;
			dstPath = "";
			dstSubfolderSpec = 10;
			files = (
				8ED0C3E92944ABEF00FF39DC /* TemtemFeed.framework in Embed Frameworks */,
			);
			name = "Embed Frameworks";
			runOnlyForDeploymentPostprocessing = 0;
		};
/* End PBXCopyFilesBuildPhase section */

/* Begin PBXFileReference section */
		3712B2B72911CC1C00159089 /* UIImageViewExtension.swift */ = {isa = PBXFileReference; lastKnownFileType = sourcecode.swift; path = UIImageViewExtension.swift; sourceTree = "<group>"; };
		37957D282914906800AC01BB /* UIViewExtension.swift */ = {isa = PBXFileReference; lastKnownFileType = sourcecode.swift; path = UIViewExtension.swift; sourceTree = "<group>"; };
		37B9267B2912E4C800F479A7 /* TechniqueDetail.swift */ = {isa = PBXFileReference; lastKnownFileType = sourcecode.swift; path = TechniqueDetail.swift; sourceTree = "<group>"; };
		37B9267E29130F0C00F479A7 /* TemtemDetailViewController.swift */ = {isa = PBXFileReference; lastKnownFileType = sourcecode.swift; path = TemtemDetailViewController.swift; sourceTree = "<group>"; };
		37B926802913107100F479A7 /* TemtemDetailViewModel.swift */ = {isa = PBXFileReference; lastKnownFileType = sourcecode.swift; path = TemtemDetailViewModel.swift; sourceTree = "<group>"; };
		37B92683291321BB00F479A7 /* TemtemTypes.swift */ = {isa = PBXFileReference; lastKnownFileType = sourcecode.swift; path = TemtemTypes.swift; sourceTree = "<group>"; };
		37C2D356291051AA00E783AD /* temtem.app */ = {isa = PBXFileReference; explicitFileType = wrapper.application; includeInIndex = 0; path = temtem.app; sourceTree = BUILT_PRODUCTS_DIR; };
		37C2D359291051AA00E783AD /* AppDelegate.swift */ = {isa = PBXFileReference; lastKnownFileType = sourcecode.swift; path = AppDelegate.swift; sourceTree = "<group>"; };
		37C2D363291051AA00E783AD /* temtem.xcdatamodel */ = {isa = PBXFileReference; lastKnownFileType = wrapper.xcdatamodel; path = temtem.xcdatamodel; sourceTree = "<group>"; };
		37C2D365291051AD00E783AD /* Assets.xcassets */ = {isa = PBXFileReference; lastKnownFileType = folder.assetcatalog; path = Assets.xcassets; sourceTree = "<group>"; };
		37C2D368291051AD00E783AD /* Base */ = {isa = PBXFileReference; lastKnownFileType = file.storyboard; name = Base; path = Base.lproj/LaunchScreen.storyboard; sourceTree = "<group>"; };
		37C2D36A291051AD00E783AD /* Info.plist */ = {isa = PBXFileReference; lastKnownFileType = text.plist.xml; path = Info.plist; sourceTree = "<group>"; };
		37C2D36F291051AD00E783AD /* temtemTests.xctest */ = {isa = PBXFileReference; explicitFileType = wrapper.cfbundle; includeInIndex = 0; path = temtemTests.xctest; sourceTree = BUILT_PRODUCTS_DIR; };
		37C2D3912910545300E783AD /* TemtemListViewController.swift */ = {isa = PBXFileReference; lastKnownFileType = sourcecode.swift; path = TemtemListViewController.swift; sourceTree = "<group>"; };
		37C2D3962910550F00E783AD /* TemtemCell.swift */ = {isa = PBXFileReference; lastKnownFileType = sourcecode.swift; path = TemtemCell.swift; sourceTree = "<group>"; };
		37C2D3982910554500E783AD /* TemtemListViewModel.swift */ = {isa = PBXFileReference; lastKnownFileType = sourcecode.swift; path = TemtemListViewModel.swift; sourceTree = "<group>"; };
		37C2D39B291056F800E783AD /* TemtemService.swift */ = {isa = PBXFileReference; lastKnownFileType = sourcecode.swift; path = TemtemService.swift; sourceTree = "<group>"; };
		37C2D39D2910571000E783AD /* TemtemServiceImplementation.swift */ = {isa = PBXFileReference; lastKnownFileType = sourcecode.swift; path = TemtemServiceImplementation.swift; sourceTree = "<group>"; };
		37C2D3A429106BC900E783AD /* TemtemViewModel.swift */ = {isa = PBXFileReference; lastKnownFileType = sourcecode.swift; path = TemtemViewModel.swift; sourceTree = "<group>"; };
		37C2D3AA2910819700E783AD /* UITextFieldExtension.swift */ = {isa = PBXFileReference; lastKnownFileType = sourcecode.swift; path = UITextFieldExtension.swift; sourceTree = "<group>"; };
		8E34B291294CE9260090922F /* BaseView.swift */ = {isa = PBXFileReference; lastKnownFileType = sourcecode.swift; path = BaseView.swift; sourceTree = "<group>"; };
		8E34B2B1294D1F2D0090922F /* ImageDataService.swift */ = {isa = PBXFileReference; lastKnownFileType = sourcecode.swift; path = ImageDataService.swift; sourceTree = "<group>"; };
		8E34B2B3294D1F450090922F /* ImageURLSessionDataService.swift */ = {isa = PBXFileReference; lastKnownFileType = sourcecode.swift; path = ImageURLSessionDataService.swift; sourceTree = "<group>"; };
		8E34B2B5294DEA300090922F /* SceneDelegate.swift */ = {isa = PBXFileReference; lastKnownFileType = sourcecode.swift; path = SceneDelegate.swift; sourceTree = "<group>"; };
		8E34B2B7294E01F50090922F /* DebuggingSceneDelegate.swift */ = {isa = PBXFileReference; lastKnownFileType = sourcecode.swift; path = DebuggingSceneDelegate.swift; sourceTree = "<group>"; };
		8E34B2B9294E101F0090922F /* SceneDelegateTests.swift */ = {isa = PBXFileReference; lastKnownFileType = sourcecode.swift; path = SceneDelegateTests.swift; sourceTree = "<group>"; };
		8E34B2BB294E1B9E0090922F /* TemtemListViewModelTests.swift */ = {isa = PBXFileReference; lastKnownFileType = sourcecode.swift; path = TemtemListViewModelTests.swift; sourceTree = "<group>"; };
		8E34B2BD294E52B70090922F /* CombineExtentions.swift */ = {isa = PBXFileReference; lastKnownFileType = sourcecode.swift; path = CombineExtentions.swift; sourceTree = "<group>"; };
		8E5292BB294F303200F4B53C /* XCTestCase+Snapshots.swift */ = {isa = PBXFileReference; lastKnownFileType = sourcecode.swift; path = "XCTestCase+Snapshots.swift"; sourceTree = "<group>"; };
		8E5292BE294F3AC800F4B53C /* TemtemListSnapshotTests.swift */ = {isa = PBXFileReference; lastKnownFileType = sourcecode.swift; path = TemtemListSnapshotTests.swift; sourceTree = "<group>"; };
		8E5292C0294F3B2A00F4B53C /* snapshots */ = {isa = PBXFileReference; lastKnownFileType = folder; path = snapshots; sourceTree = "<group>"; };
		8E5ED886292D760500F180E7 /* BaseViewController.swift */ = {isa = PBXFileReference; lastKnownFileType = sourcecode.swift; path = BaseViewController.swift; sourceTree = "<group>"; };
		8E5ED889292E976100F180E7 /* TypeElementStackView.swift */ = {isa = PBXFileReference; lastKnownFileType = sourcecode.swift; path = TypeElementStackView.swift; sourceTree = "<group>"; };
		8E5ED88C292EA2B900F180E7 /* TemtemListFactory.swift */ = {isa = PBXFileReference; lastKnownFileType = sourcecode.swift; path = TemtemListFactory.swift; sourceTree = "<group>"; };
		8E66B70729316EF800A6616F /* TemtemDetailFactory.swift */ = {isa = PBXFileReference; lastKnownFileType = sourcecode.swift; path = TemtemDetailFactory.swift; sourceTree = "<group>"; };
		8E66B7092931724200A6616F /* TemtemDetailViewControllerTest.swift */ = {isa = PBXFileReference; lastKnownFileType = sourcecode.swift; path = TemtemDetailViewControllerTest.swift; sourceTree = "<group>"; };
		8E66B7C32934300800A6616F /* temtem.json */ = {isa = PBXFileReference; lastKnownFileType = text.json; path = temtem.json; sourceTree = "<group>"; };
		8E66B7C5293550E300A6616F /* MockTemtemViewModel.swift */ = {isa = PBXFileReference; lastKnownFileType = sourcecode.swift; path = MockTemtemViewModel.swift; sourceTree = "<group>"; };
		8E66B7C72935599C00A6616F /* URLSessionHTTPClientTest.swift */ = {isa = PBXFileReference; lastKnownFileType = sourcecode.swift; path = URLSessionHTTPClientTest.swift; sourceTree = "<group>"; };
		8E66B7CA2935628600A6616F /* TemtemTypesTest.swift */ = {isa = PBXFileReference; lastKnownFileType = sourcecode.swift; path = TemtemTypesTest.swift; sourceTree = "<group>"; };
		8E66B7D32935760000A6616F /* TemtemMapper.swift */ = {isa = PBXFileReference; lastKnownFileType = sourcecode.swift; path = TemtemMapper.swift; sourceTree = "<group>"; };
		8E66B7D729368AAD00A6616F /* URLSessionHTTPClient.swift */ = {isa = PBXFileReference; lastKnownFileType = sourcecode.swift; path = URLSessionHTTPClient.swift; sourceTree = "<group>"; };
		8E66B7D92936903300A6616F /* HTTPURLResponse.swift */ = {isa = PBXFileReference; lastKnownFileType = sourcecode.swift; path = HTTPURLResponse.swift; sourceTree = "<group>"; };
		8E66B7DC293693E500A6616F /* XCTestCase+URL.swift */ = {isa = PBXFileReference; lastKnownFileType = sourcecode.swift; path = "XCTestCase+URL.swift"; sourceTree = "<group>"; };
		8E66B7DE2936945400A6616F /* XCTestCase+Data.swift */ = {isa = PBXFileReference; lastKnownFileType = sourcecode.swift; path = "XCTestCase+Data.swift"; sourceTree = "<group>"; };
		8E66B7E12936963900A6616F /* TemtemMapperTest.swift */ = {isa = PBXFileReference; lastKnownFileType = sourcecode.swift; path = TemtemMapperTest.swift; sourceTree = "<group>"; };
		8E66B7E52936C2B500A6616F /* XCTestCase+MemoryLeaks.swift */ = {isa = PBXFileReference; lastKnownFileType = sourcecode.swift; path = "XCTestCase+MemoryLeaks.swift"; sourceTree = "<group>"; };
		8ED0C3B6293E8CC700FF39DC /* URLProtocolStub.swift */ = {isa = PBXFileReference; lastKnownFileType = sourcecode.swift; path = URLProtocolStub.swift; sourceTree = "<group>"; };
		8ED0C3C52941FD0900FF39DC /* NSLayoutConstraintExtension.swift */ = {isa = PBXFileReference; lastKnownFileType = sourcecode.swift; path = NSLayoutConstraintExtension.swift; sourceTree = "<group>"; };
		8ED0C3D929448D0A00FF39DC /* ImageNSCacheService.swift */ = {isa = PBXFileReference; lastKnownFileType = sourcecode.swift; path = ImageNSCacheService.swift; sourceTree = "<group>"; };
		8ED0C3E02944ABEE00FF39DC /* TemtemFeed.framework */ = {isa = PBXFileReference; explicitFileType = wrapper.framework; includeInIndex = 0; path = TemtemFeed.framework; sourceTree = BUILT_PRODUCTS_DIR; };
		8ED0C415294510E800FF39DC /* TemtemFeedTests.xctest */ = {isa = PBXFileReference; explicitFileType = wrapper.cfbundle; includeInIndex = 0; path = TemtemFeedTests.xctest; sourceTree = BUILT_PRODUCTS_DIR; };
		8ED0C423294517CD00FF39DC /* ImageNSCacheServiceTest.swift */ = {isa = PBXFileReference; lastKnownFileType = sourcecode.swift; path = ImageNSCacheServiceTest.swift; sourceTree = "<group>"; };
		8ED0C42629452F2A00FF39DC /* ImageCacheView.swift */ = {isa = PBXFileReference; lastKnownFileType = sourcecode.swift; path = ImageCacheView.swift; sourceTree = "<group>"; };
		8ED0C4282945317300FF39DC /* ImageCacheService.swift */ = {isa = PBXFileReference; lastKnownFileType = sourcecode.swift; path = ImageCacheService.swift; sourceTree = "<group>"; };
		8ED0C4302945EAA700FF39DC /* fil */ = {isa = PBXFileReference; lastKnownFileType = text.plist.strings; name = fil; path = fil.lproj/LaunchScreen.strings; sourceTree = "<group>"; };
		8ED0C4322945EAB500FF39DC /* fil */ = {isa = PBXFileReference; lastKnownFileType = text.plist.strings; name = fil; path = fil.lproj/TemtemList.strings; sourceTree = "<group>"; };
		8ED0C4342945EAB800FF39DC /* en */ = {isa = PBXFileReference; lastKnownFileType = text.plist.strings; name = en; path = en.lproj/TemtemList.strings; sourceTree = "<group>"; };
		8EE5C04C292EE570001DB1BF /* CustomNavigationController.swift */ = {isa = PBXFileReference; lastKnownFileType = sourcecode.swift; path = CustomNavigationController.swift; sourceTree = "<group>"; };
		8EE9979029219974003377CC /* TemtemListViewControllerTest.swift */ = {isa = PBXFileReference; lastKnownFileType = sourcecode.swift; path = TemtemListViewControllerTest.swift; sourceTree = "<group>"; };
		8EE997922922BAF0003377CC /* TemtemListView.swift */ = {isa = PBXFileReference; lastKnownFileType = sourcecode.swift; path = TemtemListView.swift; sourceTree = "<group>"; };
		8EE997982922D826003377CC /* ErrorLabel.swift */ = {isa = PBXFileReference; lastKnownFileType = sourcecode.swift; path = ErrorLabel.swift; sourceTree = "<group>"; };
		8EE9979D2922DC71003377CC /* HTTPClient.swift */ = {isa = PBXFileReference; lastKnownFileType = sourcecode.swift; path = HTTPClient.swift; sourceTree = "<group>"; };
		8EE997A12922E4C5003377CC /* UIColorExtension.swift */ = {isa = PBXFileReference; lastKnownFileType = sourcecode.swift; path = UIColorExtension.swift; sourceTree = "<group>"; };
		8EE997A52922ECB6003377CC /* MockTemtemService.swift */ = {isa = PBXFileReference; lastKnownFileType = sourcecode.swift; path = MockTemtemService.swift; sourceTree = "<group>"; };
		8EE997A72922F9D2003377CC /* Config.xcconfig */ = {isa = PBXFileReference; lastKnownFileType = text.xcconfig; path = Config.xcconfig; sourceTree = "<group>"; };
		8EE997A82922FB8A003377CC /* StringExtentions.swift */ = {isa = PBXFileReference; lastKnownFileType = sourcecode.swift; path = StringExtentions.swift; sourceTree = "<group>"; };
		8EE997AA29242F1C003377CC /* TemtemDetailView.swift */ = {isa = PBXFileReference; lastKnownFileType = sourcecode.swift; path = TemtemDetailView.swift; sourceTree = "<group>"; };
		8EE997B02924494C003377CC /* TemtemCellTest.swift */ = {isa = PBXFileReference; lastKnownFileType = sourcecode.swift; path = TemtemCellTest.swift; sourceTree = "<group>"; };
		8EE997B329245215003377CC /* UITableViewExtension.swift */ = {isa = PBXFileReference; lastKnownFileType = sourcecode.swift; path = UITableViewExtension.swift; sourceTree = "<group>"; };
		8EE997B5292456D8003377CC /* DispatchQueueExtension.swift */ = {isa = PBXFileReference; lastKnownFileType = sourcecode.swift; path = DispatchQueueExtension.swift; sourceTree = "<group>"; };
/* End PBXFileReference section */

/* Begin PBXFrameworksBuildPhase section */
		37C2D353291051AA00E783AD /* Frameworks */ = {
			isa = PBXFrameworksBuildPhase;
			buildActionMask = 2147483647;
			files = (
				8ED0C3E82944ABEF00FF39DC /* TemtemFeed.framework in Frameworks */,
			);
			runOnlyForDeploymentPostprocessing = 0;
		};
		37C2D36C291051AD00E783AD /* Frameworks */ = {
			isa = PBXFrameworksBuildPhase;
			buildActionMask = 2147483647;
			files = (
			);
			runOnlyForDeploymentPostprocessing = 0;
		};
		8ED0C3DD2944ABEE00FF39DC /* Frameworks */ = {
			isa = PBXFrameworksBuildPhase;
			buildActionMask = 2147483647;
			files = (
			);
			runOnlyForDeploymentPostprocessing = 0;
		};
		8ED0C412294510E800FF39DC /* Frameworks */ = {
			isa = PBXFrameworksBuildPhase;
			buildActionMask = 2147483647;
			files = (
			);
			runOnlyForDeploymentPostprocessing = 0;
		};
/* End PBXFrameworksBuildPhase section */

/* Begin PBXGroup section */
		37B9267D29130EE800F479A7 /* TemtemDetailViewController */ = {
			isa = PBXGroup;
			children = (
				37B9267E29130F0C00F479A7 /* TemtemDetailViewController.swift */,
				37B926802913107100F479A7 /* TemtemDetailViewModel.swift */,
				8EE997AA29242F1C003377CC /* TemtemDetailView.swift */,
			);
			path = TemtemDetailViewController;
			sourceTree = "<group>";
		};
		37B9268229131ECB00F479A7 /* Enum */ = {
			isa = PBXGroup;
			children = (
				37B92683291321BB00F479A7 /* TemtemTypes.swift */,
			);
			path = Enum;
			sourceTree = "<group>";
		};
		37C2D34D291051AA00E783AD = {
			isa = PBXGroup;
			children = (
				8EE997A72922F9D2003377CC /* Config.xcconfig */,
				37C2D358291051AA00E783AD /* temtem */,
				37C2D372291051AD00E783AD /* temtemTests */,
				8ED0C3E12944ABEE00FF39DC /* TemtemFeed */,
				8ED0C416294510E800FF39DC /* TemtemFeedTests */,
				37C2D357291051AA00E783AD /* Products */,
			);
			sourceTree = "<group>";
		};
		37C2D357291051AA00E783AD /* Products */ = {
			isa = PBXGroup;
			children = (
				37C2D356291051AA00E783AD /* temtem.app */,
				37C2D36F291051AD00E783AD /* temtemTests.xctest */,
				8ED0C3E02944ABEE00FF39DC /* TemtemFeed.framework */,
				8ED0C415294510E800FF39DC /* TemtemFeedTests.xctest */,
			);
			name = Products;
			sourceTree = "<group>";
		};
		37C2D358291051AA00E783AD /* temtem */ = {
			isa = PBXGroup;
			children = (
				8E5ED88B292EA29F00F180E7 /* Factory */,
				37C2D3A92910818C00E783AD /* Common */,
				37C2D3A62910757200E783AD /* Utils */,
				37C2D393291054CA00E783AD /* View */,
				37C2D38C2910537200E783AD /* Modules */,
				37C2D359291051AA00E783AD /* AppDelegate.swift */,
				37C2D365291051AD00E783AD /* Assets.xcassets */,
				37C2D367291051AD00E783AD /* LaunchScreen.storyboard */,
				37C2D36A291051AD00E783AD /* Info.plist */,
				8E34B2B5294DEA300090922F /* SceneDelegate.swift */,
				8E34B2B7294E01F50090922F /* DebuggingSceneDelegate.swift */,
			);
			path = temtem;
			sourceTree = "<group>";
		};
		37C2D372291051AD00E783AD /* temtemTests */ = {
			isa = PBXGroup;
			children = (
				8E34B2BF294E53AF0090922F /* Snapshot */,
				8E34B2B9294E101F0090922F /* SceneDelegateTests.swift */,
				8E34B2AF294D1D640090922F /* ViewModels */,
				8E66B7DB293693C600A6616F /* TestHelpers */,
				8EE997AE29244914003377CC /* Views */,
				8EE997A42922ECA8003377CC /* Mock */,
				8EE997A32922EC98003377CC /* ViewControllers */,
			);
			path = temtemTests;
			sourceTree = "<group>";
		};
		37C2D38C2910537200E783AD /* Modules */ = {
			isa = PBXGroup;
			children = (
				8EE5C04B292EE54B001DB1BF /* CustomNavigationController */,
				8E5ED885292C374C00F180E7 /* BaseViewController */,
				37B9267D29130EE800F479A7 /* TemtemDetailViewController */,
				37C2D3902910542B00E783AD /* TemtemListViewController */,
			);
			path = Modules;
			sourceTree = "<group>";
		};
		37C2D3902910542B00E783AD /* TemtemListViewController */ = {
			isa = PBXGroup;
			children = (
				37C2D3912910545300E783AD /* TemtemListViewController.swift */,
				37C2D3982910554500E783AD /* TemtemListViewModel.swift */,
				8EE997922922BAF0003377CC /* TemtemListView.swift */,
				8ED0C4332945EAB500FF39DC /* TemtemList.strings */,
			);
			path = TemtemListViewController;
			sourceTree = "<group>";
		};
		37C2D393291054CA00E783AD /* View */ = {
			isa = PBXGroup;
			children = (
				8E34B290294CE91A0090922F /* View */,
				8ED0C42529452F1600FF39DC /* ImageView */,
				8E5ED888292D8FB600F180E7 /* Stack */,
				8EE997972922D819003377CC /* Label */,
				37C2D394291054CF00E783AD /* Cell */,
			);
			path = View;
			sourceTree = "<group>";
		};
		37C2D394291054CF00E783AD /* Cell */ = {
			isa = PBXGroup;
			children = (
				37C2D395291054D500E783AD /* TemtemCell */,
			);
			path = Cell;
			sourceTree = "<group>";
		};
		37C2D395291054D500E783AD /* TemtemCell */ = {
			isa = PBXGroup;
			children = (
				37C2D3962910550F00E783AD /* TemtemCell.swift */,
			);
			path = TemtemCell;
			sourceTree = "<group>";
		};
		37C2D39A291056DB00E783AD /* Service */ = {
			isa = PBXGroup;
			children = (
				8ED0C3BB293FC5C500FF39DC /* Cache */,
				8ED0C3BA293FC5B200FF39DC /* HTTP */,
			);
			path = Service;
			sourceTree = "<group>";
		};
		37C2D3A229106BA700E783AD /* DTO */ = {
			isa = PBXGroup;
			children = (
				37B9267B2912E4C800F479A7 /* TechniqueDetail.swift */,
			);
			path = DTO;
			sourceTree = "<group>";
		};
		37C2D3A329106BB300E783AD /* ViewModel */ = {
			isa = PBXGroup;
			children = (
				37C2D3A429106BC900E783AD /* TemtemViewModel.swift */,
			);
			path = ViewModel;
			sourceTree = "<group>";
		};
		37C2D3A62910757200E783AD /* Utils */ = {
			isa = PBXGroup;
			children = (
			);
			path = Utils;
			sourceTree = "<group>";
		};
		37C2D3A92910818C00E783AD /* Common */ = {
			isa = PBXGroup;
			children = (
				8EE997942922CC39003377CC /* Extensions */,
			);
			path = Common;
			sourceTree = "<group>";
		};
		8E34B290294CE91A0090922F /* View */ = {
			isa = PBXGroup;
			children = (
				8E34B291294CE9260090922F /* BaseView.swift */,
			);
			path = View;
			sourceTree = "<group>";
		};
		8E34B2AF294D1D640090922F /* ViewModels */ = {
			isa = PBXGroup;
			children = (
				8E34B2BB294E1B9E0090922F /* TemtemListViewModelTests.swift */,
			);
			path = ViewModels;
			sourceTree = "<group>";
		};
		8E34B2B0294D1F190090922F /* ImageDataService */ = {
			isa = PBXGroup;
			children = (
				8E34B2B1294D1F2D0090922F /* ImageDataService.swift */,
				8E34B2B3294D1F450090922F /* ImageURLSessionDataService.swift */,
			);
			path = ImageDataService;
			sourceTree = "<group>";
		};
		8E34B2BF294E53AF0090922F /* Snapshot */ = {
			isa = PBXGroup;
			children = (
				8E5292BD294F3AA500F4B53C /* TemtemListSnapshotTests */,
			);
			path = Snapshot;
			sourceTree = "<group>";
		};
		8E5292BD294F3AA500F4B53C /* TemtemListSnapshotTests */ = {
			isa = PBXGroup;
			children = (
				8E5292C0294F3B2A00F4B53C /* snapshots */,
				8E5292BE294F3AC800F4B53C /* TemtemListSnapshotTests.swift */,
			);
			path = TemtemListSnapshotTests;
			sourceTree = "<group>";
		};
		8E52930E294FBF3800F4B53C /* TemtemCacheService */ = {
			isa = PBXGroup;
			children = (
				37C2D362291051AA00E783AD /* temtem.xcdatamodeld */,
			);
			path = TemtemCacheService;
			sourceTree = "<group>";
		};
		8E5ED885292C374C00F180E7 /* BaseViewController */ = {
			isa = PBXGroup;
			children = (
				8E5ED886292D760500F180E7 /* BaseViewController.swift */,
			);
			path = BaseViewController;
			sourceTree = "<group>";
		};
		8E5ED888292D8FB600F180E7 /* Stack */ = {
			isa = PBXGroup;
			children = (
				8E5ED889292E976100F180E7 /* TypeElementStackView.swift */,
			);
			path = Stack;
			sourceTree = "<group>";
		};
		8E5ED88B292EA29F00F180E7 /* Factory */ = {
			isa = PBXGroup;
			children = (
				8E5ED88C292EA2B900F180E7 /* TemtemListFactory.swift */,
				8E66B70729316EF800A6616F /* TemtemDetailFactory.swift */,
			);
			path = Factory;
			sourceTree = "<group>";
		};
		8E66B7C229341EAD00A6616F /* JSON */ = {
			isa = PBXGroup;
			children = (
				8E66B7C32934300800A6616F /* temtem.json */,
			);
			path = JSON;
			sourceTree = "<group>";
		};
		8E66B7C429354AD600A6616F /* Service */ = {
			isa = PBXGroup;
			children = (
				8ED0C42A294539BA00FF39DC /* Cache */,
				8ED0C3B4293E8C6D00FF39DC /* Networking */,
			);
			path = Service;
			sourceTree = "<group>";
		};
		8E66B7C92935627200A6616F /* Model */ = {
			isa = PBXGroup;
			children = (
				8E66B7CA2935628600A6616F /* TemtemTypesTest.swift */,
			);
			path = Model;
			sourceTree = "<group>";
		};
		8E66B7D2293575E300A6616F /* Mapper */ = {
			isa = PBXGroup;
			children = (
				8E66B7D32935760000A6616F /* TemtemMapper.swift */,
			);
			path = Mapper;
			sourceTree = "<group>";
		};
		8E66B7D629368A1500A6616F /* HTTPService */ = {
			isa = PBXGroup;
			children = (
				8EE9979D2922DC71003377CC /* HTTPClient.swift */,
				8E66B7D729368AAD00A6616F /* URLSessionHTTPClient.swift */,
			);
			path = HTTPService;
			sourceTree = "<group>";
		};
		8E66B7DB293693C600A6616F /* TestHelpers */ = {
			isa = PBXGroup;
			children = (
				8E66B7DC293693E500A6616F /* XCTestCase+URL.swift */,
				8E66B7DE2936945400A6616F /* XCTestCase+Data.swift */,
				8E66B7E52936C2B500A6616F /* XCTestCase+MemoryLeaks.swift */,
				8E5292BB294F303200F4B53C /* XCTestCase+Snapshots.swift */,
			);
			path = TestHelpers;
			sourceTree = "<group>";
		};
		8E66B7E02936961D00A6616F /* TemtemService */ = {
			isa = PBXGroup;
			children = (
				8E66B7E12936963900A6616F /* TemtemMapperTest.swift */,
			);
			path = TemtemService;
			sourceTree = "<group>";
		};
		8ED0C3B4293E8C6D00FF39DC /* Networking */ = {
			isa = PBXGroup;
			children = (
				8ED0C3B5293E8CB100FF39DC /* TestHelpers */,
				8E66B7E02936961D00A6616F /* TemtemService */,
				8E66B7C72935599C00A6616F /* URLSessionHTTPClientTest.swift */,
			);
			path = Networking;
			sourceTree = "<group>";
		};
		8ED0C3B5293E8CB100FF39DC /* TestHelpers */ = {
			isa = PBXGroup;
			children = (
				8ED0C3B6293E8CC700FF39DC /* URLProtocolStub.swift */,
			);
			path = TestHelpers;
			sourceTree = "<group>";
		};
		8ED0C3BA293FC5B200FF39DC /* HTTP */ = {
			isa = PBXGroup;
			children = (
				8E34B2B0294D1F190090922F /* ImageDataService */,
				8E66B7D629368A1500A6616F /* HTTPService */,
				8EE9979C2922DC4E003377CC /* TemtemService */,
			);
			path = HTTP;
			sourceTree = "<group>";
		};
		8ED0C3BB293FC5C500FF39DC /* Cache */ = {
			isa = PBXGroup;
			children = (
				8E52930E294FBF3800F4B53C /* TemtemCacheService */,
				8ED0C3BC293FC5D400FF39DC /* ImageCacheService */,
			);
			path = Cache;
			sourceTree = "<group>";
		};
		8ED0C3BC293FC5D400FF39DC /* ImageCacheService */ = {
			isa = PBXGroup;
			children = (
				8ED0C3D929448D0A00FF39DC /* ImageNSCacheService.swift */,
				8ED0C4282945317300FF39DC /* ImageCacheService.swift */,
			);
			path = ImageCacheService;
			sourceTree = "<group>";
		};
		8ED0C3BD293FFE0000FF39DC /* LocalCacheService */ = {
			isa = PBXGroup;
			children = (
				8ED0C423294517CD00FF39DC /* ImageNSCacheServiceTest.swift */,
			);
			path = LocalCacheService;
			sourceTree = "<group>";
		};
		8ED0C3E12944ABEE00FF39DC /* TemtemFeed */ = {
			isa = PBXGroup;
			children = (
				8ED0C3F72945081800FF39DC /* Helpers */,
				8ED0C3F32944ADCF00FF39DC /* Model */,
				37C2D39A291056DB00E783AD /* Service */,
			);
			path = TemtemFeed;
			sourceTree = "<group>";
			usesTabs = 1;
		};
		8ED0C3F32944ADCF00FF39DC /* Model */ = {
			isa = PBXGroup;
			children = (
				37B9268229131ECB00F479A7 /* Enum */,
				37C2D3A329106BB300E783AD /* ViewModel */,
				37C2D3A229106BA700E783AD /* DTO */,
			);
			path = Model;
			sourceTree = "<group>";
		};
		8ED0C3F72945081800FF39DC /* Helpers */ = {
			isa = PBXGroup;
			children = (
				8E66B7D92936903300A6616F /* HTTPURLResponse.swift */,
				8EE997A82922FB8A003377CC /* StringExtentions.swift */,
			);
			path = Helpers;
			sourceTree = "<group>";
		};
		8ED0C416294510E800FF39DC /* TemtemFeedTests */ = {
			isa = PBXGroup;
			children = (
				8E66B7C229341EAD00A6616F /* JSON */,
				8E66B7C92935627200A6616F /* Model */,
				8E66B7C429354AD600A6616F /* Service */,
			);
			path = TemtemFeedTests;
			sourceTree = "<group>";
		};
		8ED0C42529452F1600FF39DC /* ImageView */ = {
			isa = PBXGroup;
			children = (
				8ED0C42629452F2A00FF39DC /* ImageCacheView.swift */,
			);
			path = ImageView;
			sourceTree = "<group>";
		};
		8ED0C42A294539BA00FF39DC /* Cache */ = {
			isa = PBXGroup;
			children = (
				8ED0C3BD293FFE0000FF39DC /* LocalCacheService */,
			);
			path = Cache;
			sourceTree = "<group>";
		};
		8EE5C04B292EE54B001DB1BF /* CustomNavigationController */ = {
			isa = PBXGroup;
			children = (
				8EE5C04C292EE570001DB1BF /* CustomNavigationController.swift */,
			);
			path = CustomNavigationController;
			sourceTree = "<group>";
		};
		8EE997942922CC39003377CC /* Extensions */ = {
			isa = PBXGroup;
			children = (
				37C2D3AA2910819700E783AD /* UITextFieldExtension.swift */,
				3712B2B72911CC1C00159089 /* UIImageViewExtension.swift */,
				37957D282914906800AC01BB /* UIViewExtension.swift */,
				8EE997B329245215003377CC /* UITableViewExtension.swift */,
				8EE997A12922E4C5003377CC /* UIColorExtension.swift */,
				8EE997B5292456D8003377CC /* DispatchQueueExtension.swift */,
				8ED0C3C52941FD0900FF39DC /* NSLayoutConstraintExtension.swift */,
				8E34B2BD294E52B70090922F /* CombineExtentions.swift */,
			);
			path = Extensions;
			sourceTree = "<group>";
		};
		8EE997972922D819003377CC /* Label */ = {
			isa = PBXGroup;
			children = (
				8EE997982922D826003377CC /* ErrorLabel.swift */,
			);
			path = Label;
			sourceTree = "<group>";
		};
		8EE9979C2922DC4E003377CC /* TemtemService */ = {
			isa = PBXGroup;
			children = (
				8E66B7D2293575E300A6616F /* Mapper */,
				37C2D39B291056F800E783AD /* TemtemService.swift */,
				37C2D39D2910571000E783AD /* TemtemServiceImplementation.swift */,
			);
			path = TemtemService;
			sourceTree = "<group>";
		};
		8EE997A32922EC98003377CC /* ViewControllers */ = {
			isa = PBXGroup;
			children = (
				8EE9979029219974003377CC /* TemtemListViewControllerTest.swift */,
				8E66B7092931724200A6616F /* TemtemDetailViewControllerTest.swift */,
			);
			path = ViewControllers;
			sourceTree = "<group>";
		};
		8EE997A42922ECA8003377CC /* Mock */ = {
			isa = PBXGroup;
			children = (
				8EE997A52922ECB6003377CC /* MockTemtemService.swift */,
				8E66B7C5293550E300A6616F /* MockTemtemViewModel.swift */,
			);
			path = Mock;
			sourceTree = "<group>";
		};
		8EE997AE29244914003377CC /* Views */ = {
			isa = PBXGroup;
			children = (
				8EE997AF2924491B003377CC /* Cells */,
			);
			path = Views;
			sourceTree = "<group>";
		};
		8EE997AF2924491B003377CC /* Cells */ = {
			isa = PBXGroup;
			children = (
				8EE997B02924494C003377CC /* TemtemCellTest.swift */,
			);
			path = Cells;
			sourceTree = "<group>";
		};
/* End PBXGroup section */

/* Begin PBXHeadersBuildPhase section */
		8ED0C3DB2944ABEE00FF39DC /* Headers */ = {
			isa = PBXHeadersBuildPhase;
			buildActionMask = 2147483647;
			files = (
			);
			runOnlyForDeploymentPostprocessing = 0;
		};
/* End PBXHeadersBuildPhase section */

/* Begin PBXNativeTarget section */
		37C2D355291051AA00E783AD /* temtem */ = {
			isa = PBXNativeTarget;
			buildConfigurationList = 37C2D383291051AD00E783AD /* Build configuration list for PBXNativeTarget "temtem" */;
			buildPhases = (
				37C2D352291051AA00E783AD /* Sources */,
				37C2D353291051AA00E783AD /* Frameworks */,
				37C2D354291051AA00E783AD /* Resources */,
				8ED0C3ED2944ABEF00FF39DC /* Embed Frameworks */,
			);
			buildRules = (
			);
			dependencies = (
				8ED0C3E72944ABEF00FF39DC /* PBXTargetDependency */,
			);
			name = temtem;
			productName = temtem;
			productReference = 37C2D356291051AA00E783AD /* temtem.app */;
			productType = "com.apple.product-type.application";
		};
		37C2D36E291051AD00E783AD /* temtemTests */ = {
			isa = PBXNativeTarget;
			buildConfigurationList = 37C2D386291051AD00E783AD /* Build configuration list for PBXNativeTarget "temtemTests" */;
			buildPhases = (
				37C2D36B291051AD00E783AD /* Sources */,
				37C2D36C291051AD00E783AD /* Frameworks */,
				37C2D36D291051AD00E783AD /* Resources */,
			);
			buildRules = (
			);
			dependencies = (
				37C2D371291051AD00E783AD /* PBXTargetDependency */,
			);
			name = temtemTests;
			productName = temtemTests;
			productReference = 37C2D36F291051AD00E783AD /* temtemTests.xctest */;
			productType = "com.apple.product-type.bundle.unit-test";
		};
		8ED0C3DF2944ABEE00FF39DC /* TemtemFeed */ = {
			isa = PBXNativeTarget;
			buildConfigurationList = 8ED0C3EA2944ABEF00FF39DC /* Build configuration list for PBXNativeTarget "TemtemFeed" */;
			buildPhases = (
				8ED0C3DB2944ABEE00FF39DC /* Headers */,
				8ED0C3DC2944ABEE00FF39DC /* Sources */,
				8ED0C3DD2944ABEE00FF39DC /* Frameworks */,
				8ED0C3DE2944ABEE00FF39DC /* Resources */,
			);
			buildRules = (
			);
			dependencies = (
			);
			name = TemtemFeed;
			productName = TemtemFeed;
			productReference = 8ED0C3E02944ABEE00FF39DC /* TemtemFeed.framework */;
			productType = "com.apple.product-type.framework";
		};
		8ED0C414294510E800FF39DC /* TemtemFeedTests */ = {
			isa = PBXNativeTarget;
			buildConfigurationList = 8ED0C41B294510E800FF39DC /* Build configuration list for PBXNativeTarget "TemtemFeedTests" */;
			buildPhases = (
				8ED0C411294510E800FF39DC /* Sources */,
				8ED0C412294510E800FF39DC /* Frameworks */,
				8ED0C413294510E800FF39DC /* Resources */,
			);
			buildRules = (
			);
			dependencies = (
				8ED0C41A294510E800FF39DC /* PBXTargetDependency */,
			);
			name = TemtemFeedTests;
			productName = TemtemFeedTests;
			productReference = 8ED0C415294510E800FF39DC /* TemtemFeedTests.xctest */;
			productType = "com.apple.product-type.bundle.unit-test";
		};
/* End PBXNativeTarget section */

/* Begin PBXProject section */
		37C2D34E291051AA00E783AD /* Project object */ = {
			isa = PBXProject;
			attributes = {
				BuildIndependentTargetsInParallel = 1;
				LastSwiftUpdateCheck = 1400;
				LastUpgradeCheck = 1400;
				TargetAttributes = {
					37C2D355291051AA00E783AD = {
						CreatedOnToolsVersion = 14.0.1;
					};
					37C2D36E291051AD00E783AD = {
						CreatedOnToolsVersion = 14.0.1;
						TestTargetID = 37C2D355291051AA00E783AD;
					};
					8ED0C3DF2944ABEE00FF39DC = {
						CreatedOnToolsVersion = 14.0.1;
					};
					8ED0C414294510E800FF39DC = {
						CreatedOnToolsVersion = 14.0.1;
						TestTargetID = 37C2D355291051AA00E783AD;
					};
				};
			};
			buildConfigurationList = 37C2D351291051AA00E783AD /* Build configuration list for PBXProject "temtem" */;
			compatibilityVersion = "Xcode 14.0";
			developmentRegion = en;
			hasScannedForEncodings = 0;
			knownRegions = (
				en,
				Base,
				fil,
			);
			mainGroup = 37C2D34D291051AA00E783AD;
			productRefGroup = 37C2D357291051AA00E783AD /* Products */;
			projectDirPath = "";
			projectRoot = "";
			targets = (
				37C2D355291051AA00E783AD /* temtem */,
				37C2D36E291051AD00E783AD /* temtemTests */,
				8ED0C3DF2944ABEE00FF39DC /* TemtemFeed */,
				8ED0C414294510E800FF39DC /* TemtemFeedTests */,
			);
		};
/* End PBXProject section */

/* Begin PBXResourcesBuildPhase section */
		37C2D354291051AA00E783AD /* Resources */ = {
			isa = PBXResourcesBuildPhase;
			buildActionMask = 2147483647;
			files = (
				8E66B7E429369CF700A6616F /* temtem.json in Resources */,
				8ED0C4312945EAB500FF39DC /* TemtemList.strings in Resources */,
				37C2D369291051AD00E783AD /* LaunchScreen.storyboard in Resources */,
				37C2D366291051AD00E783AD /* Assets.xcassets in Resources */,
			);
			runOnlyForDeploymentPostprocessing = 0;
		};
		37C2D36D291051AD00E783AD /* Resources */ = {
			isa = PBXResourcesBuildPhase;
			buildActionMask = 2147483647;
			files = (
				8E5292C1294F3B2A00F4B53C /* snapshots in Resources */,
			);
			runOnlyForDeploymentPostprocessing = 0;
		};
		8ED0C3DE2944ABEE00FF39DC /* Resources */ = {
			isa = PBXResourcesBuildPhase;
			buildActionMask = 2147483647;
			files = (
			);
			runOnlyForDeploymentPostprocessing = 0;
		};
		8ED0C413294510E800FF39DC /* Resources */ = {
			isa = PBXResourcesBuildPhase;
			buildActionMask = 2147483647;
			files = (
			);
			runOnlyForDeploymentPostprocessing = 0;
		};
/* End PBXResourcesBuildPhase section */

/* Begin PBXSourcesBuildPhase section */
		37C2D352291051AA00E783AD /* Sources */ = {
			isa = PBXSourcesBuildPhase;
			buildActionMask = 2147483647;
			files = (
				8E34B2BE294E52B70090922F /* CombineExtentions.swift in Sources */,
				8EE997992922D826003377CC /* ErrorLabel.swift in Sources */,
				8EE997AB29242F1C003377CC /* TemtemDetailView.swift in Sources */,
				8ED0C3C62941FD0900FF39DC /* NSLayoutConstraintExtension.swift in Sources */,
				37957D292914906800AC01BB /* UIViewExtension.swift in Sources */,
				8E5ED887292D760500F180E7 /* BaseViewController.swift in Sources */,
				8EE5C04D292EE570001DB1BF /* CustomNavigationController.swift in Sources */,
				37C2D35A291051AA00E783AD /* AppDelegate.swift in Sources */,
				37C2D3922910545300E783AD /* TemtemListViewController.swift in Sources */,
				37B926812913107100F479A7 /* TemtemDetailViewModel.swift in Sources */,
				37C2D3972910550F00E783AD /* TemtemCell.swift in Sources */,
				8EE997A22922E4C5003377CC /* UIColorExtension.swift in Sources */,
				37C2D3AB2910819700E783AD /* UITextFieldExtension.swift in Sources */,
				8EE997B429245215003377CC /* UITableViewExtension.swift in Sources */,
				8ED0C42729452F2A00FF39DC /* ImageCacheView.swift in Sources */,
				8E5ED88D292EA2B900F180E7 /* TemtemListFactory.swift in Sources */,
				8E34B292294CE9260090922F /* BaseView.swift in Sources */,
				8E34B2B8294E01F50090922F /* DebuggingSceneDelegate.swift in Sources */,
				37C2D364291051AA00E783AD /* temtem.xcdatamodeld in Sources */,
				8E66B70829316EF800A6616F /* TemtemDetailFactory.swift in Sources */,
				8EE997B6292456D8003377CC /* DispatchQueueExtension.swift in Sources */,
				37C2D3992910554500E783AD /* TemtemListViewModel.swift in Sources */,
				8E34B2B6294DEA300090922F /* SceneDelegate.swift in Sources */,
				8EE997932922BAF0003377CC /* TemtemListView.swift in Sources */,
				3712B2B82911CC1C00159089 /* UIImageViewExtension.swift in Sources */,
				37B9267F29130F0C00F479A7 /* TemtemDetailViewController.swift in Sources */,
				8E5ED88A292E976100F180E7 /* TypeElementStackView.swift in Sources */,
			);
			runOnlyForDeploymentPostprocessing = 0;
		};
		37C2D36B291051AD00E783AD /* Sources */ = {
			isa = PBXSourcesBuildPhase;
			buildActionMask = 2147483647;
			files = (
				8E5292BF294F3AC800F4B53C /* TemtemListSnapshotTests.swift in Sources */,
				8E66B7E62936C2B500A6616F /* XCTestCase+MemoryLeaks.swift in Sources */,
				8EE9979129219974003377CC /* TemtemListViewControllerTest.swift in Sources */,
				8E66B70A2931724200A6616F /* TemtemDetailViewControllerTest.swift in Sources */,
				8E5292BC294F303200F4B53C /* XCTestCase+Snapshots.swift in Sources */,
				8E66B7DD293693E500A6616F /* XCTestCase+URL.swift in Sources */,
				8E34B2BA294E101F0090922F /* SceneDelegateTests.swift in Sources */,
				8EE997A62922ECB6003377CC /* MockTemtemService.swift in Sources */,
				8E66B7E22936963900A6616F /* TemtemMapperTest.swift in Sources */,
				8E66B7CB2935628600A6616F /* TemtemTypesTest.swift in Sources */,
				8E34B2BC294E1B9E0090922F /* TemtemListViewModelTests.swift in Sources */,
				8EE997B12924494C003377CC /* TemtemCellTest.swift in Sources */,
				8E66B7DF2936945400A6616F /* XCTestCase+Data.swift in Sources */,
				8E66B7C6293550E300A6616F /* MockTemtemViewModel.swift in Sources */,
			);
			runOnlyForDeploymentPostprocessing = 0;
		};
		8ED0C3DC2944ABEE00FF39DC /* Sources */ = {
			isa = PBXSourcesBuildPhase;
			buildActionMask = 2147483647;
			files = (
				8E34B2B2294D1F2D0090922F /* ImageDataService.swift in Sources */,
				8ED0C3EF2944AD7F00FF39DC /* HTTPClient.swift in Sources */,
				8ED0C3F4294507CF00FF39DC /* TechniqueDetail.swift in Sources */,
				8ED0C4292945317300FF39DC /* ImageCacheService.swift in Sources */,
				8ED0C3F22944AD8400FF39DC /* TemtemServiceImplementation.swift in Sources */,
				8ED0C3EE2944AD7700FF39DC /* ImageNSCacheService.swift in Sources */,
				8ED0C3FA2945087500FF39DC /* HTTPURLResponse.swift in Sources */,
				8ED0C3F82945083900FF39DC /* StringExtentions.swift in Sources */,
				8ED0C3F5294507D400FF39DC /* TemtemViewModel.swift in Sources */,
				8ED0C3F92945085A00FF39DC /* TemtemMapper.swift in Sources */,
				8ED0C3F6294507D900FF39DC /* TemtemTypes.swift in Sources */,
				8E34B2B4294D1F450090922F /* ImageURLSessionDataService.swift in Sources */,
				8ED0C3F02944AD7F00FF39DC /* URLSessionHTTPClient.swift in Sources */,
				8ED0C3F12944AD8400FF39DC /* TemtemService.swift in Sources */,
			);
			runOnlyForDeploymentPostprocessing = 0;
		};
		8ED0C411294510E800FF39DC /* Sources */ = {
			isa = PBXSourcesBuildPhase;
			buildActionMask = 2147483647;
			files = (
				8ED0C4212945116500FF39DC /* XCTestCase+Data.swift in Sources */,
				8ED0C41E2945111F00FF39DC /* URLSessionHTTPClientTest.swift in Sources */,
				8ED0C4202945116200FF39DC /* XCTestCase+URL.swift in Sources */,
				8ED0C41F2945112600FF39DC /* URLProtocolStub.swift in Sources */,
				8ED0C4222945116500FF39DC /* XCTestCase+MemoryLeaks.swift in Sources */,
				8ED0C424294517CD00FF39DC /* ImageNSCacheServiceTest.swift in Sources */,
			);
			runOnlyForDeploymentPostprocessing = 0;
		};
/* End PBXSourcesBuildPhase section */

/* Begin PBXTargetDependency section */
		37C2D371291051AD00E783AD /* PBXTargetDependency */ = {
			isa = PBXTargetDependency;
			target = 37C2D355291051AA00E783AD /* temtem */;
			targetProxy = 37C2D370291051AD00E783AD /* PBXContainerItemProxy */;
		};
		8ED0C3E72944ABEF00FF39DC /* PBXTargetDependency */ = {
			isa = PBXTargetDependency;
			target = 8ED0C3DF2944ABEE00FF39DC /* TemtemFeed */;
			targetProxy = 8ED0C3E62944ABEF00FF39DC /* PBXContainerItemProxy */;
		};
		8ED0C41A294510E800FF39DC /* PBXTargetDependency */ = {
			isa = PBXTargetDependency;
			target = 37C2D355291051AA00E783AD /* temtem */;
			targetProxy = 8ED0C419294510E800FF39DC /* PBXContainerItemProxy */;
		};
/* End PBXTargetDependency section */

/* Begin PBXVariantGroup section */
		37C2D367291051AD00E783AD /* LaunchScreen.storyboard */ = {
			isa = PBXVariantGroup;
			children = (
				37C2D368291051AD00E783AD /* Base */,
				8ED0C4302945EAA700FF39DC /* fil */,
			);
			name = LaunchScreen.storyboard;
			sourceTree = "<group>";
		};
		8ED0C4332945EAB500FF39DC /* TemtemList.strings */ = {
			isa = PBXVariantGroup;
			children = (
				8ED0C4322945EAB500FF39DC /* fil */,
				8ED0C4342945EAB800FF39DC /* en */,
			);
			name = TemtemList.strings;
			sourceTree = "<group>";
		};
/* End PBXVariantGroup section */

/* Begin XCBuildConfiguration section */
		37C2D381291051AD00E783AD /* Debug */ = {
			isa = XCBuildConfiguration;
			buildSettings = {
				ALWAYS_SEARCH_USER_PATHS = NO;
				CLANG_ANALYZER_LOCALIZABILITY_NONLOCALIZED = YES;
				CLANG_ANALYZER_NONNULL = YES;
				CLANG_ANALYZER_NUMBER_OBJECT_CONVERSION = YES_AGGRESSIVE;
				CLANG_CXX_LANGUAGE_STANDARD = "gnu++20";
				CLANG_ENABLE_MODULES = YES;
				CLANG_ENABLE_OBJC_ARC = YES;
				CLANG_ENABLE_OBJC_WEAK = YES;
				CLANG_WARN_BLOCK_CAPTURE_AUTORELEASING = YES;
				CLANG_WARN_BOOL_CONVERSION = YES;
				CLANG_WARN_COMMA = YES;
				CLANG_WARN_CONSTANT_CONVERSION = YES;
				CLANG_WARN_DEPRECATED_OBJC_IMPLEMENTATIONS = YES;
				CLANG_WARN_DIRECT_OBJC_ISA_USAGE = YES_ERROR;
				CLANG_WARN_DOCUMENTATION_COMMENTS = YES;
				CLANG_WARN_EMPTY_BODY = YES;
				CLANG_WARN_ENUM_CONVERSION = YES;
				CLANG_WARN_INFINITE_RECURSION = YES;
				CLANG_WARN_INT_CONVERSION = YES;
				CLANG_WARN_NON_LITERAL_NULL_CONVERSION = YES;
				CLANG_WARN_OBJC_IMPLICIT_RETAIN_SELF = YES;
				CLANG_WARN_OBJC_LITERAL_CONVERSION = YES;
				CLANG_WARN_OBJC_ROOT_CLASS = YES_ERROR;
				CLANG_WARN_QUOTED_INCLUDE_IN_FRAMEWORK_HEADER = YES;
				CLANG_WARN_RANGE_LOOP_ANALYSIS = YES;
				CLANG_WARN_STRICT_PROTOTYPES = YES;
				CLANG_WARN_SUSPICIOUS_MOVE = YES;
				CLANG_WARN_UNGUARDED_AVAILABILITY = YES_AGGRESSIVE;
				CLANG_WARN_UNREACHABLE_CODE = YES;
				CLANG_WARN__DUPLICATE_METHOD_MATCH = YES;
				COPY_PHASE_STRIP = NO;
				DEBUG_INFORMATION_FORMAT = dwarf;
				ENABLE_STRICT_OBJC_MSGSEND = YES;
				ENABLE_TESTABILITY = YES;
				GCC_C_LANGUAGE_STANDARD = gnu11;
				GCC_DYNAMIC_NO_PIC = NO;
				GCC_NO_COMMON_BLOCKS = YES;
				GCC_OPTIMIZATION_LEVEL = 0;
				GCC_PREPROCESSOR_DEFINITIONS = (
					"DEBUG=1",
					"$(inherited)",
				);
				GCC_WARN_64_TO_32_BIT_CONVERSION = YES;
				GCC_WARN_ABOUT_RETURN_TYPE = YES_ERROR;
				GCC_WARN_UNDECLARED_SELECTOR = YES;
				GCC_WARN_UNINITIALIZED_AUTOS = YES_AGGRESSIVE;
				GCC_WARN_UNUSED_FUNCTION = YES;
				GCC_WARN_UNUSED_VARIABLE = YES;
				IPHONEOS_DEPLOYMENT_TARGET = 16.0;
				MTL_ENABLE_DEBUG_INFO = INCLUDE_SOURCE;
				MTL_FAST_MATH = YES;
				ONLY_ACTIVE_ARCH = YES;
				SDKROOT = iphoneos;
				SWIFT_ACTIVE_COMPILATION_CONDITIONS = DEBUG;
				SWIFT_OPTIMIZATION_LEVEL = "-Onone";
			};
			name = Debug;
		};
		37C2D382291051AD00E783AD /* Release */ = {
			isa = XCBuildConfiguration;
			buildSettings = {
				ALWAYS_SEARCH_USER_PATHS = NO;
				CLANG_ANALYZER_LOCALIZABILITY_NONLOCALIZED = YES;
				CLANG_ANALYZER_NONNULL = YES;
				CLANG_ANALYZER_NUMBER_OBJECT_CONVERSION = YES_AGGRESSIVE;
				CLANG_CXX_LANGUAGE_STANDARD = "gnu++20";
				CLANG_ENABLE_MODULES = YES;
				CLANG_ENABLE_OBJC_ARC = YES;
				CLANG_ENABLE_OBJC_WEAK = YES;
				CLANG_WARN_BLOCK_CAPTURE_AUTORELEASING = YES;
				CLANG_WARN_BOOL_CONVERSION = YES;
				CLANG_WARN_COMMA = YES;
				CLANG_WARN_CONSTANT_CONVERSION = YES;
				CLANG_WARN_DEPRECATED_OBJC_IMPLEMENTATIONS = YES;
				CLANG_WARN_DIRECT_OBJC_ISA_USAGE = YES_ERROR;
				CLANG_WARN_DOCUMENTATION_COMMENTS = YES;
				CLANG_WARN_EMPTY_BODY = YES;
				CLANG_WARN_ENUM_CONVERSION = YES;
				CLANG_WARN_INFINITE_RECURSION = YES;
				CLANG_WARN_INT_CONVERSION = YES;
				CLANG_WARN_NON_LITERAL_NULL_CONVERSION = YES;
				CLANG_WARN_OBJC_IMPLICIT_RETAIN_SELF = YES;
				CLANG_WARN_OBJC_LITERAL_CONVERSION = YES;
				CLANG_WARN_OBJC_ROOT_CLASS = YES_ERROR;
				CLANG_WARN_QUOTED_INCLUDE_IN_FRAMEWORK_HEADER = YES;
				CLANG_WARN_RANGE_LOOP_ANALYSIS = YES;
				CLANG_WARN_STRICT_PROTOTYPES = YES;
				CLANG_WARN_SUSPICIOUS_MOVE = YES;
				CLANG_WARN_UNGUARDED_AVAILABILITY = YES_AGGRESSIVE;
				CLANG_WARN_UNREACHABLE_CODE = YES;
				CLANG_WARN__DUPLICATE_METHOD_MATCH = YES;
				COPY_PHASE_STRIP = NO;
				DEBUG_INFORMATION_FORMAT = "dwarf-with-dsym";
				ENABLE_NS_ASSERTIONS = NO;
				ENABLE_STRICT_OBJC_MSGSEND = YES;
				GCC_C_LANGUAGE_STANDARD = gnu11;
				GCC_NO_COMMON_BLOCKS = YES;
				GCC_WARN_64_TO_32_BIT_CONVERSION = YES;
				GCC_WARN_ABOUT_RETURN_TYPE = YES_ERROR;
				GCC_WARN_UNDECLARED_SELECTOR = YES;
				GCC_WARN_UNINITIALIZED_AUTOS = YES_AGGRESSIVE;
				GCC_WARN_UNUSED_FUNCTION = YES;
				GCC_WARN_UNUSED_VARIABLE = YES;
				IPHONEOS_DEPLOYMENT_TARGET = 16.0;
				MTL_ENABLE_DEBUG_INFO = NO;
				MTL_FAST_MATH = YES;
				SDKROOT = iphoneos;
				SWIFT_COMPILATION_MODE = wholemodule;
				SWIFT_OPTIMIZATION_LEVEL = "-O";
				VALIDATE_PRODUCT = YES;
			};
			name = Release;
		};
		37C2D384291051AD00E783AD /* Debug */ = {
			isa = XCBuildConfiguration;
			baseConfigurationReference = 8EE997A72922F9D2003377CC /* Config.xcconfig */;
			buildSettings = {
				ALWAYS_EMBED_SWIFT_STANDARD_LIBRARIES = YES;
				ASSETCATALOG_COMPILER_APPICON_NAME = AppIcon;
				ASSETCATALOG_COMPILER_GLOBAL_ACCENT_COLOR_NAME = AccentColor;
				CODE_SIGN_STYLE = Automatic;
				CURRENT_PROJECT_VERSION = 1;
				GENERATE_INFOPLIST_FILE = YES;
				INFOPLIST_FILE = temtem/Info.plist;
				INFOPLIST_KEY_UIApplicationSupportsIndirectInputEvents = YES;
				INFOPLIST_KEY_UILaunchStoryboardName = LaunchScreen;
				INFOPLIST_KEY_UISupportedInterfaceOrientations_iPad = "UIInterfaceOrientationPortrait UIInterfaceOrientationPortraitUpsideDown UIInterfaceOrientationLandscapeLeft UIInterfaceOrientationLandscapeRight";
				INFOPLIST_KEY_UISupportedInterfaceOrientations_iPhone = "UIInterfaceOrientationPortrait UIInterfaceOrientationLandscapeLeft UIInterfaceOrientationLandscapeRight";
				IPHONEOS_DEPLOYMENT_TARGET = 13.0;
				LD_RUNPATH_SEARCH_PATHS = (
					"$(inherited)",
					"@executable_path/Frameworks",
				);
				MARKETING_VERSION = 1.0;
				PRODUCT_BUNDLE_IDENTIFIER = com.test.temtem;
				PRODUCT_NAME = "$(TARGET_NAME)";
				SWIFT_EMIT_LOC_STRINGS = YES;
				SWIFT_VERSION = 5.0;
				TARGETED_DEVICE_FAMILY = "1,2";
			};
			name = Debug;
		};
		37C2D385291051AD00E783AD /* Release */ = {
			isa = XCBuildConfiguration;
			baseConfigurationReference = 8EE997A72922F9D2003377CC /* Config.xcconfig */;
			buildSettings = {
				ALWAYS_EMBED_SWIFT_STANDARD_LIBRARIES = YES;
				ASSETCATALOG_COMPILER_APPICON_NAME = AppIcon;
				ASSETCATALOG_COMPILER_GLOBAL_ACCENT_COLOR_NAME = AccentColor;
				CODE_SIGN_STYLE = Automatic;
				CURRENT_PROJECT_VERSION = 1;
				GENERATE_INFOPLIST_FILE = YES;
				INFOPLIST_FILE = temtem/Info.plist;
				INFOPLIST_KEY_UIApplicationSupportsIndirectInputEvents = YES;
				INFOPLIST_KEY_UILaunchStoryboardName = LaunchScreen;
				INFOPLIST_KEY_UISupportedInterfaceOrientations_iPad = "UIInterfaceOrientationPortrait UIInterfaceOrientationPortraitUpsideDown UIInterfaceOrientationLandscapeLeft UIInterfaceOrientationLandscapeRight";
				INFOPLIST_KEY_UISupportedInterfaceOrientations_iPhone = "UIInterfaceOrientationPortrait UIInterfaceOrientationLandscapeLeft UIInterfaceOrientationLandscapeRight";
				IPHONEOS_DEPLOYMENT_TARGET = 13.0;
				LD_RUNPATH_SEARCH_PATHS = (
					"$(inherited)",
					"@executable_path/Frameworks",
				);
				MARKETING_VERSION = 1.0;
				PRODUCT_BUNDLE_IDENTIFIER = com.test.temtem;
				PRODUCT_NAME = "$(TARGET_NAME)";
				SWIFT_EMIT_LOC_STRINGS = YES;
				SWIFT_VERSION = 5.0;
				TARGETED_DEVICE_FAMILY = "1,2";
			};
			name = Release;
		};
		37C2D387291051AD00E783AD /* Debug */ = {
			isa = XCBuildConfiguration;
			buildSettings = {
				ALWAYS_EMBED_SWIFT_STANDARD_LIBRARIES = YES;
				BUNDLE_LOADER = "$(TEST_HOST)";
				CODE_SIGN_STYLE = Automatic;
				CURRENT_PROJECT_VERSION = 1;
				GENERATE_INFOPLIST_FILE = YES;
				IPHONEOS_DEPLOYMENT_TARGET = 13.0;
				MARKETING_VERSION = 1.0;
				PRODUCT_BUNDLE_IDENTIFIER = com.test.temtemTests;
				PRODUCT_NAME = "$(TARGET_NAME)";
				SWIFT_EMIT_LOC_STRINGS = NO;
				SWIFT_VERSION = 5.0;
				TARGETED_DEVICE_FAMILY = "1,2";
				TEST_HOST = "$(BUILT_PRODUCTS_DIR)/temtem.app/$(BUNDLE_EXECUTABLE_FOLDER_PATH)/temtem";
			};
			name = Debug;
		};
		37C2D388291051AD00E783AD /* Release */ = {
			isa = XCBuildConfiguration;
			buildSettings = {
				ALWAYS_EMBED_SWIFT_STANDARD_LIBRARIES = YES;
				BUNDLE_LOADER = "$(TEST_HOST)";
				CODE_SIGN_STYLE = Automatic;
				CURRENT_PROJECT_VERSION = 1;
				GENERATE_INFOPLIST_FILE = YES;
				IPHONEOS_DEPLOYMENT_TARGET = 13.0;
				MARKETING_VERSION = 1.0;
				PRODUCT_BUNDLE_IDENTIFIER = com.test.temtemTests;
				PRODUCT_NAME = "$(TARGET_NAME)";
				SWIFT_EMIT_LOC_STRINGS = NO;
				SWIFT_VERSION = 5.0;
				TARGETED_DEVICE_FAMILY = "1,2";
				TEST_HOST = "$(BUILT_PRODUCTS_DIR)/temtem.app/$(BUNDLE_EXECUTABLE_FOLDER_PATH)/temtem";
			};
			name = Release;
		};
		8ED0C3EB2944ABEF00FF39DC /* Debug */ = {
			isa = XCBuildConfiguration;
			buildSettings = {
				CODE_SIGN_STYLE = Automatic;
				CURRENT_PROJECT_VERSION = 1;
				DEFINES_MODULE = YES;
				DYLIB_COMPATIBILITY_VERSION = 1;
				DYLIB_CURRENT_VERSION = 1;
				DYLIB_INSTALL_NAME_BASE = "@rpath";
				GENERATE_INFOPLIST_FILE = YES;
				INFOPLIST_KEY_NSHumanReadableCopyright = "";
				INSTALL_PATH = "$(LOCAL_LIBRARY_DIR)/Frameworks";
				IPHONEOS_DEPLOYMENT_TARGET = 13.0;
				LD_RUNPATH_SEARCH_PATHS = (
					"$(inherited)",
					"@executable_path/Frameworks",
					"@loader_path/Frameworks",
				);
				MARKETING_VERSION = 1.0;
				PRODUCT_BUNDLE_IDENTIFIER = com.test.TemtemFeed;
				PRODUCT_NAME = "$(TARGET_NAME:c99extidentifier)";
				SKIP_INSTALL = YES;
				SUPPORTED_PLATFORMS = "iphonesimulator iphoneos macosx";
				SUPPORTS_MACCATALYST = NO;
				SUPPORTS_MAC_DESIGNED_FOR_IPHONE_IPAD = NO;
				SWIFT_EMIT_LOC_STRINGS = YES;
				SWIFT_VERSION = 5.0;
				VERSIONING_SYSTEM = "apple-generic";
				VERSION_INFO_PREFIX = "";
			};
			name = Debug;
		};
		8ED0C3EC2944ABEF00FF39DC /* Release */ = {
			isa = XCBuildConfiguration;
			buildSettings = {
				CODE_SIGN_STYLE = Automatic;
				CURRENT_PROJECT_VERSION = 1;
				DEFINES_MODULE = YES;
				DYLIB_COMPATIBILITY_VERSION = 1;
				DYLIB_CURRENT_VERSION = 1;
				DYLIB_INSTALL_NAME_BASE = "@rpath";
				GENERATE_INFOPLIST_FILE = YES;
				INFOPLIST_KEY_NSHumanReadableCopyright = "";
				INSTALL_PATH = "$(LOCAL_LIBRARY_DIR)/Frameworks";
				IPHONEOS_DEPLOYMENT_TARGET = 13.0;
				LD_RUNPATH_SEARCH_PATHS = (
					"$(inherited)",
					"@executable_path/Frameworks",
					"@loader_path/Frameworks",
				);
				MARKETING_VERSION = 1.0;
				PRODUCT_BUNDLE_IDENTIFIER = com.test.TemtemFeed;
				PRODUCT_NAME = "$(TARGET_NAME:c99extidentifier)";
				SKIP_INSTALL = YES;
				SUPPORTED_PLATFORMS = "iphonesimulator iphoneos macosx";
				SUPPORTS_MACCATALYST = NO;
				SUPPORTS_MAC_DESIGNED_FOR_IPHONE_IPAD = NO;
				SWIFT_EMIT_LOC_STRINGS = YES;
				SWIFT_VERSION = 5.0;
				VERSIONING_SYSTEM = "apple-generic";
				VERSION_INFO_PREFIX = "";
			};
			name = Release;
		};
		8ED0C41C294510E800FF39DC /* Debug */ = {
			isa = XCBuildConfiguration;
			buildSettings = {
				BUNDLE_LOADER = "$(TEST_HOST)";
				CODE_SIGN_STYLE = Automatic;
				CURRENT_PROJECT_VERSION = 1;
				GENERATE_INFOPLIST_FILE = YES;
				IPHONEOS_DEPLOYMENT_TARGET = 13.0;
				MACOSX_DEPLOYMENT_TARGET = 12.3;
				MARKETING_VERSION = 1.0;
				PRODUCT_BUNDLE_IDENTIFIER = com.test.TemtemFeedTests;
				PRODUCT_NAME = "$(TARGET_NAME)";
				SDKROOT = auto;
				SUPPORTED_PLATFORMS = "iphoneos iphonesimulator macosx";
				SWIFT_EMIT_LOC_STRINGS = NO;
				SWIFT_VERSION = 5.0;
				TARGETED_DEVICE_FAMILY = "1,2";
				TEST_HOST = "$(BUILT_PRODUCTS_DIR)/temtem.app/$(BUNDLE_EXECUTABLE_FOLDER_PATH)/temtem";
			};
			name = Debug;
		};
		8ED0C41D294510E800FF39DC /* Release */ = {
			isa = XCBuildConfiguration;
			buildSettings = {
				BUNDLE_LOADER = "$(TEST_HOST)";
				CODE_SIGN_STYLE = Automatic;
				CURRENT_PROJECT_VERSION = 1;
				GENERATE_INFOPLIST_FILE = YES;
				IPHONEOS_DEPLOYMENT_TARGET = 13.0;
				MACOSX_DEPLOYMENT_TARGET = 12.3;
				MARKETING_VERSION = 1.0;
				PRODUCT_BUNDLE_IDENTIFIER = com.test.TemtemFeedTests;
				PRODUCT_NAME = "$(TARGET_NAME)";
				SDKROOT = auto;
				SUPPORTED_PLATFORMS = "iphoneos iphonesimulator macosx";
				SWIFT_EMIT_LOC_STRINGS = NO;
				SWIFT_VERSION = 5.0;
				TARGETED_DEVICE_FAMILY = "1,2";
				TEST_HOST = "$(BUILT_PRODUCTS_DIR)/temtem.app/$(BUNDLE_EXECUTABLE_FOLDER_PATH)/temtem";
			};
			name = Release;
		};
/* End XCBuildConfiguration section */

/* Begin XCConfigurationList section */
		37C2D351291051AA00E783AD /* Build configuration list for PBXProject "temtem" */ = {
			isa = XCConfigurationList;
			buildConfigurations = (
				37C2D381291051AD00E783AD /* Debug */,
				37C2D382291051AD00E783AD /* Release */,
			);
			defaultConfigurationIsVisible = 0;
			defaultConfigurationName = Release;
		};
		37C2D383291051AD00E783AD /* Build configuration list for PBXNativeTarget "temtem" */ = {
			isa = XCConfigurationList;
			buildConfigurations = (
				37C2D384291051AD00E783AD /* Debug */,
				37C2D385291051AD00E783AD /* Release */,
			);
			defaultConfigurationIsVisible = 0;
			defaultConfigurationName = Release;
		};
		37C2D386291051AD00E783AD /* Build configuration list for PBXNativeTarget "temtemTests" */ = {
			isa = XCConfigurationList;
			buildConfigurations = (
				37C2D387291051AD00E783AD /* Debug */,
				37C2D388291051AD00E783AD /* Release */,
			);
			defaultConfigurationIsVisible = 0;
			defaultConfigurationName = Release;
		};
		8ED0C3EA2944ABEF00FF39DC /* Build configuration list for PBXNativeTarget "TemtemFeed" */ = {
			isa = XCConfigurationList;
			buildConfigurations = (
				8ED0C3EB2944ABEF00FF39DC /* Debug */,
				8ED0C3EC2944ABEF00FF39DC /* Release */,
			);
			defaultConfigurationIsVisible = 0;
			defaultConfigurationName = Release;
		};
		8ED0C41B294510E800FF39DC /* Build configuration list for PBXNativeTarget "TemtemFeedTests" */ = {
			isa = XCConfigurationList;
			buildConfigurations = (
				8ED0C41C294510E800FF39DC /* Debug */,
				8ED0C41D294510E800FF39DC /* Release */,
			);
			defaultConfigurationIsVisible = 0;
			defaultConfigurationName = Release;
		};
/* End XCConfigurationList section */

/* Begin XCVersionGroup section */
		37C2D362291051AA00E783AD /* temtem.xcdatamodeld */ = {
			isa = XCVersionGroup;
			children = (
				37C2D363291051AA00E783AD /* temtem.xcdatamodel */,
			);
			currentVersion = 37C2D363291051AA00E783AD /* temtem.xcdatamodel */;
			path = temtem.xcdatamodeld;
			sourceTree = "<group>";
			versionGroupType = wrapper.xcdatamodel;
		};
/* End XCVersionGroup section */
	};
	rootObject = 37C2D34E291051AA00E783AD /* Project object */;
}
